
Microsoft Visual Studio Solution File, Format Version 12.00
# Visual Studio 15
VisualStudioVersion = 15.0.28307.271
MinimumVisualStudioVersion = 10.0.40219.1
Project("{FAE04EC0-301F-11D3-BF4B-00C04F79EFBC}") = "CETC50_Demo", "CETC50_Demo\CETC50_Demo.csproj", "{CC200062-7325-410A-A5D2-064A8200FF3E}"
EndProject
Project("{FAE04EC0-301F-11D3-BF4B-00C04F79EFBC}") = "Wlst.Ux.TimeTableSystem", "..\Ux\Wlst.Ux.TimeTableSystem\Wlst.Ux.TimeTableSystem.csproj", "{5B49A617-42C2-45E9-8ED0-79380379F816}"
EndProject
Project("{FAE04EC0-301F-11D3-BF4B-00C04F79EFBC}") = "Wlst.Ux.Setting", "..\Ux\Wlst.Ux.Setting\Wlst.Ux.Setting.csproj", "{71F7B8B4-1E4E-4CA9-88B3-2DA44E3E8333}"
EndProject
Project("{FAE04EC0-301F-11D3-BF4B-00C04F79EFBC}") = "Wlst.Ux.RadMapJpeg", "..\Ux\Wlst.Ux.RadMapJpeg\Wlst.Ux.RadMapJpeg.csproj", "{C9CBA5E8-6CF6-417F-B1B2-47151C74D71E}"
EndProject
Project("{FAE04EC0-301F-11D3-BF4B-00C04F79EFBC}") = "Wlst.Ux.PrivilegesManage", "..\Ux\Wlst.Ux.PrivilegesManage\Wlst.Ux.PrivilegesManage.csproj", "{4B02E503-7718-4C5E-93EF-54923BA5835E}"
EndProject
Project("{FAE04EC0-301F-11D3-BF4B-00C04F79EFBC}") = "Wlst.Ux.MenuShortCut", "..\Ux\Wlst.Ux.MenuShortCut\Wlst.Ux.MenuShortCut.csproj", "{956ABCFE-4465-4C88-B530-9BDA4A45FD4A}"
EndProject
Project("{FAE04EC0-301F-11D3-BF4B-00C04F79EFBC}") = "Wlst.Ux.MenuManage", "..\Ux\Wlst.Ux.MenuManage\Wlst.Ux.MenuManage.csproj", "{44D606F7-C31E-4D2F-8AFF-D076D89FD114}"
EndProject
Project("{FAE04EC0-301F-11D3-BF4B-00C04F79EFBC}") = "Wlst.Ux.Menu", "..\Ux\Wlst.Ux.Menu\Wlst.Ux.Menu.csproj", "{B5545ADE-2C69-49D8-895C-CBEC0E46BDB1}"
EndProject
Project("{FAE04EC0-301F-11D3-BF4B-00C04F79EFBC}") = "Wlst.Ux.EquipmentGroupManage", "..\Ux\Wlst.Ux.EquipmentGroupManage\Wlst.Ux.EquipmentGroupManage.csproj", "{5A4AE745-C9EB-447E-A458-6A25898349A3}"
EndProject
Project("{FAE04EC0-301F-11D3-BF4B-00C04F79EFBC}") = "Wlst.Ux.EquipemntTree", "..\Ux\Wlst.Ux.EquipemntTree\Wlst.Ux.EquipemntTree.csproj", "{A640DE91-C86A-4256-A634-688EBECA62DA}"
EndProject
Project("{FAE04EC0-301F-11D3-BF4B-00C04F79EFBC}") = "Wlst.Ux.EquipemntLightFault", "..\Ux\Wlst.Ux.EquipemntLightFault\Wlst.Ux.EquipemntLightFault.csproj", "{9F7A288D-286C-49F6-A61F-E6985BBD7E6A}"
EndProject
Project("{FAE04EC0-301F-11D3-BF4B-00C04F79EFBC}") = "Login", "..\Ux\Login\Login.csproj", "{A92ADF67-A9B7-4D7E-B6FA-01B50E89CACE}"
EndProject
Project("{FAE04EC0-301F-11D3-BF4B-00C04F79EFBC}") = "Elysium", "..\Ux\Elysium\Elysium.csproj", "{467011FC-64F2-4FB6-8F59-942248260FFB}"
EndProject
Project("{FAE04EC0-301F-11D3-BF4B-00C04F79EFBC}") = "AppleWindow", "..\Ux\AppleWindow\AppleWindow.csproj", "{69690B4F-B49B-490D-A6FF-C73000FE8303}"
EndProject
Project("{FAE04EC0-301F-11D3-BF4B-00C04F79EFBC}") = "Wlst.Sr.TimeTableSystem", "..\Sr\Wlst.Sr.TimeTableSystem\Wlst.Sr.TimeTableSystem.csproj", "{C8EE907E-B8CC-49CF-A3CF-FA06C08F2042}"
EndProject
Project("{FAE04EC0-301F-11D3-BF4B-00C04F79EFBC}") = "Wlst.Sr.ProtocolCnt", "..\Sr\Wlst.Sr.ProtocolCnt\Wlst.Sr.ProtocolCnt.csproj", "{C2650288-080D-4766-847E-C4238295C354}"
EndProject
Project("{FAE04EC0-301F-11D3-BF4B-00C04F79EFBC}") = "Wlst.Sr.Menu", "..\Sr\Wlst.Sr.Menu\Wlst.Sr.Menu.csproj", "{F0851CF0-EAF8-4C30-A6A2-3237B74CD2B4}"
EndProject
Project("{FAE04EC0-301F-11D3-BF4B-00C04F79EFBC}") = "Wlst.Sr.EquipemntLightFault", "..\Sr\Wlst.Sr.EquipemntLightFault\Wlst.Sr.EquipemntLightFault.csproj", "{F1AD5DCB-3CFD-4E3A-9130-69047E45F214}"
EndProject
Project("{FAE04EC0-301F-11D3-BF4B-00C04F79EFBC}") = "Wlst.Cr.Setting", "..\Cr\Wlst.Cr.Setting\Wlst.Cr.Setting.csproj", "{A330DF6B-20F7-4FD0-BCA8-2FD5095395FF}"
EndProject
Project("{FAE04EC0-301F-11D3-BF4B-00C04F79EFBC}") = "Wlst.Cr.CoreOne", "..\Cr\Wlst.Cr.CoreOne\Wlst.Cr.CoreOne.csproj", "{0165D704-6A80-43ED-9001-5C14220D6EC2}"
EndProject
Project("{FAE04EC0-301F-11D3-BF4B-00C04F79EFBC}") = "Wlst.Cr.CoreMims", "..\Cr\Wlst.Cr.CoreMims\Wlst.Cr.CoreMims.csproj", "{7326E79B-65A6-4E0D-B90D-E1F4D1F10DF3}"
EndProject
Project("{FAE04EC0-301F-11D3-BF4B-00C04F79EFBC}") = "Telerik.Windows.Controls.Override", "..\Cr\Telerik.Windows.Controls.Override\Telerik.Windows.Controls.Override.csproj", "{39A628BA-554E-46F9-BB20-A78CE7D75DED}"
EndProject
Project("{FAE04EC0-301F-11D3-BF4B-00C04F79EFBC}") = "Lurx.Controls", "..\Cr\Lurx.Controls\Lurx.Controls.csproj", "{62830F9D-8C58-4DEE-A51E-18B769CBACC6}"
EndProject
Project("{2150E333-8FDC-42A3-9474-1A3956D46DE8}") = "系统核心", "系统核心", "{271BFD6F-9FE4-4390-8734-6751ADF5E68B}"
EndProject
Project("{2150E333-8FDC-42A3-9474-1A3956D46DE8}") = "菜单系统", "菜单系统", "{83F5220B-55E7-46E9-836E-2FB64E3DBA3F}"
EndProject
Project("{2150E333-8FDC-42A3-9474-1A3956D46DE8}") = "故障报警", "故障报警", "{142C9F53-2E5D-461B-82D2-B2172B2BFE66}"
EndProject
Project("{2150E333-8FDC-42A3-9474-1A3956D46DE8}") = "设备核心", "设备核心", "{42D7514D-98EE-4AB0-A512-D78168EBEDCD}"
EndProject
Project("{2150E333-8FDC-42A3-9474-1A3956D46DE8}") = "终端设备时间表系统", "终端设备时间表系统", "{6B5ADEAA-3DB1-4682-9CD8-1240C9FD3B3F}"
EndProject
Project("{2150E333-8FDC-42A3-9474-1A3956D46DE8}") = "权限控制系统", "权限控制系统", "{12E98517-5B70-43C7-852D-1CA156D30550}"
EndProject
Project("{2150E333-8FDC-42A3-9474-1A3956D46DE8}") = "地图", "地图", "{6E4DABED-97E0-4908-9E7D-4E21967C1555}"
EndProject
Project("{2150E333-8FDC-42A3-9474-1A3956D46DE8}") = "界面", "界面", "{25004770-33C4-4880-9D3A-0291E1B8E5E0}"
EndProject
Project("{FAE04EC0-301F-11D3-BF4B-00C04F79EFBC}") = "Wlst.Cr.Core", "..\Ar\Wlst.Cr.Core\Wlst.Cr.Core.csproj", "{00DB35E7-ECC1-4EB4-85B6-79CB1FE3692E}"
EndProject
Project("{FAE04EC0-301F-11D3-BF4B-00C04F79EFBC}") = "Telerik.Windows.Controls.PrismAdapter", "..\Ar\Telerik.Windows.Controls.PrismAdapter\Telerik.Windows.Controls.PrismAdapter.csproj", "{2767823A-DCBB-46E6-B9A5-440DC0E2A087}"
EndProject
Project("{FAE04EC0-301F-11D3-BF4B-00C04F79EFBC}") = "Wlst.Cr.MessageBoxOverride", "..\Cr\Wlst.Cr.MessageBoxOverride\Wlst.Cr.MessageBoxOverride.csproj", "{72A08659-526B-49BE-A3ED-D032300AAC58}"
EndProject
Project("{FAE04EC0-301F-11D3-BF4B-00C04F79EFBC}") = "Wlst.Ux.ViewInstruction", "..\Ux\Wlst.Ux.ViewInstruction\Wlst.Ux.ViewInstruction.csproj", "{439C02C2-CDE4-4335-805A-5A5517B9CF7A}"
EndProject
Project("{2150E333-8FDC-42A3-9474-1A3956D46DE8}") = "操作中心", "操作中心", "{5DC0587F-69A0-4F98-8AE8-ABFAF99C0D68}"
EndProject
Project("{FAE04EC0-301F-11D3-BF4B-00C04F79EFBC}") = "WindowForWlst", "..\Ux\WindowForWlst\WindowForWlst.csproj", "{295CF817-8A13-4B9E-B1E8-34464DFC9481}"
EndProject
Project("{2150E333-8FDC-42A3-9474-1A3956D46DE8}") = "GiveUp", "GiveUp", "{11FEEA43-7C2F-4874-8B75-6135FF5D74E7}"
EndProject
Project("{FAE04EC0-301F-11D3-BF4B-00C04F79EFBC}") = "Wlst.Ux.CoreModuelConfig", "..\Ux\Wlst.Ux.CoreModuelConfig\Wlst.Ux.CoreModuelConfig.csproj", "{1755B6E8-FBB2-4C3E-B911-0001E9D3350D}"
EndProject
Project("{FAE04EC0-301F-11D3-BF4B-00C04F79EFBC}") = "Wlst.Ux.CoreDataEventMonitor", "..\Ux\Wlst.Ux.CoreDataEventMonitor\Wlst.Ux.CoreDataEventMonitor.csproj", "{9BDC5666-E541-4A30-8BDE-2B1C0D963311}"
EndProject
Project("{FAE04EC0-301F-11D3-BF4B-00C04F79EFBC}") = "Wlst.Sr.EquipmentInfoHolding", "..\Ux1\Wlst.Sr.EquipmentInfoHolding\Wlst.Sr.EquipmentInfoHolding.csproj", "{B66A046F-2F0A-429F-9C51-63452D3F6A92}"
EndProject
Project("{FAE04EC0-301F-11D3-BF4B-00C04F79EFBC}") = "Wlst.Ux.AddMainEquipment", "..\Ux1\Wlst.Ux.AddMainEquipment\Wlst.Ux.AddMainEquipment.csproj", "{BA67582A-5CA2-4B65-A282-342A339606EE}"
EndProject
Project("{FAE04EC0-301F-11D3-BF4B-00C04F79EFBC}") = "Wlst.Ux.ExtendYixinEsu", "..\Ux1\Wlst.Ux.ExtendYixinEsu\Wlst.Ux.ExtendYixinEsu.csproj", "{B7EAA4CC-905C-4299-8443-F919D45B3220}"
EndProject
Project("{FAE04EC0-301F-11D3-BF4B-00C04F79EFBC}") = "Wlst.Ux.Wj1050Module", "..\Ux1\Wlst.Ux.Wj1050Module\Wlst.Ux.Wj1050Module.csproj", "{5FA43479-C7D6-472B-8927-812C98BACE74}"
EndProject
Project("{FAE04EC0-301F-11D3-BF4B-00C04F79EFBC}") = "Wlst.Ux.Wj1080Module", "..\Ux1\Wlst.Ux.Wj1080Module\Wlst.Ux.Wj1080Module.csproj", "{B23152A0-D601-46E1-AD7B-044D101531BE}"
EndProject
Project("{FAE04EC0-301F-11D3-BF4B-00C04F79EFBC}") = "Wlst.Ux.Wj1090Module", "..\Ux1\Wlst.Ux.Wj1090Module\Wlst.Ux.Wj1090Module.csproj", "{F8DE5951-8FB7-413A-86E6-BA6C14CC0588}"
EndProject
Project("{FAE04EC0-301F-11D3-BF4B-00C04F79EFBC}") = "Wlst.Ux.Wj2090Module", "..\Ux1\Wlst.Ux.Wj2090Module\Wlst.Ux.Wj2090Module.csproj", "{7B8CA5C8-7413-4394-B7FB-9285D60C3A11}"
EndProject
Project("{FAE04EC0-301F-11D3-BF4B-00C04F79EFBC}") = "Wlst.Ux.WJ3005Module", "..\Ux1\Wlst.Ux.Wj3005Module\Wlst.Ux.WJ3005Module.csproj", "{BB4FFFFF-63A6-4C39-AF3C-E8908B166D72}"
EndProject
Project("{FAE04EC0-301F-11D3-BF4B-00C04F79EFBC}") = "Wlst.Ux.Wj6005Module", "..\Ux1\Wlst.Ux.Wj6005Module\Wlst.Ux.Wj6005Module.csproj", "{5FB96429-600C-435B-B24F-7A19C5B92216}"
EndProject
Project("{FAE04EC0-301F-11D3-BF4B-00C04F79EFBC}") = "Xboot", "..\Cr\Xboot\Xboot.csproj", "{B47F00DC-545F-47D5-B808-5EDFFF95ECBB}"
EndProject
Project("{FAE04EC0-301F-11D3-BF4B-00C04F79EFBC}") = "LoginProcess", "LoginProcess\LoginProcess.csproj", "{FB6A186E-C46A-46FC-ACA1-11623FF0BBD0}"
EndProject
Project("{FAE04EC0-301F-11D3-BF4B-00C04F79EFBC}") = "HappyPrint", "..\Ux\WPFPrint\HappyPrint.csproj", "{73EBE6B7-B56D-4B5D-B2D1-39E4195BBEA7}"
EndProject
Project("{FAE04EC0-301F-11D3-BF4B-00C04F79EFBC}") = "GMap.NET.Core", "..\Ar\GMap.NET.Core\GMap.NET.Core.csproj", "{D0C39D9D-BED0-418B-9A5E-713176CAF40C}"
EndProject
Project("{FAE04EC0-301F-11D3-BF4B-00C04F79EFBC}") = "GMap.NET.WindowsPresentation", "..\Ar\GMap.NET.WindowsPresentation\GMap.NET.WindowsPresentation.csproj", "{644FE7D4-0184-400F-B2D7-99CB41360658}"
EndProject
Project("{FAE04EC0-301F-11D3-BF4B-00C04F79EFBC}") = "Wlst.Ux.MenuNew", "..\Ux\Wlst.Ux.MenuNew\Wlst.Ux.MenuNew.csproj", "{0D75675E-48D7-4808-BACD-563E60518E30}"
EndProject
Project("{FAE04EC0-301F-11D3-BF4B-00C04F79EFBC}") = "Wlst.Ux.Wj3005ExNewDataExcelModule", "..\Ux1\Wlst.Ux.Wj3005ExNewDataExcelModule\Wlst.Ux.Wj3005ExNewDataExcelModule.csproj", "{DA619624-4D4E-40D0-9991-84319F24F73B}"
EndProject
Project("{FAE04EC0-301F-11D3-BF4B-00C04F79EFBC}") = "Wlst.Ux.MenuNewDraw", "Wlst.Ux.MenuNewDraw\Wlst.Ux.MenuNewDraw.csproj", "{393304CA-22DB-4006-9F95-59F6C83B4BB1}"
EndProject
Project("{FAE04EC0-301F-11D3-BF4B-00C04F79EFBC}") = "Wlst.Ux.MapJpegOld", "..\Ux\Wlst.Ux.MapJpegOld\Wlst.Ux.MapJpegOld.csproj", "{69347A84-8D74-4906-8140-D509EBAB7200}"
EndProject
Project("{FAE04EC0-301F-11D3-BF4B-00C04F79EFBC}") = "Wlst.Ux.Wj9001Module", "..\Ux1\Wlst.Ux.Wj9001Module\Wlst.Ux.Wj9001Module.csproj", "{972B5082-AAEE-4C24-A956-9BBB0CE5D826}"
EndProject
Project("{FAE04EC0-301F-11D3-BF4B-00C04F79EFBC}") = "Wlst.Ux.MapGisLocal", "..\Ux\Wlst.Ux.MapGisOffline\Wlst.Ux.MapGisLocal.csproj", "{DF8A1F26-7AEB-456E-AEF9-9EC5900E9C66}"
EndProject
Project("{FAE04EC0-301F-11D3-BF4B-00C04F79EFBC}") = "Wlst.Ux.MapGisOnline", "..\Ux\Wlst.Ux.MapGisOnline\Wlst.Ux.MapGisOnline.csproj", "{86E8A0DC-9F8E-4301-BAAF-2C8123FC3179}"
EndProject
Project("{FAE04EC0-301F-11D3-BF4B-00C04F79EFBC}") = "Wlst.Cr.Coreb", "..\Cr\Wlst.Cr.Coreb\Wlst.Cr.Coreb.csproj", "{CC9DADF4-4BBE-4231-954A-01D507B58BB9}"
EndProject
Project("{FAE04EC0-301F-11D3-BF4B-00C04F79EFBC}") = "Wlst.Ux.MapGisCopyService", "..\Ux\Wlst.Ux.MapGisCopyService\Wlst.Ux.MapGisCopyService.csproj", "{76EE216A-6D5B-491E-9CB9-ECCA0A6868A3}"
EndProject
Project("{FAE04EC0-301F-11D3-BF4B-00C04F79EFBC}") = "Wlst.Ux.MapGisLocalSP", "..\Ux\Wlst.Ux.MapGisOfflineSP\Wlst.Ux.MapGisLocalSP.csproj", "{ECA85B80-1D9E-4655-B766-3E4271F219F5}"
EndProject
Project("{2150E333-8FDC-42A3-9474-1A3956D46DE8}") = "资产管理", "资产管理", "{96A43BF2-7B46-470F-B7D2-2DA975597FBC}"
EndProject
Project("{FAE04EC0-301F-11D3-BF4B-00C04F79EFBC}") = "Wlst.Sr.AssetManageInfoHold", "..\Sr\Wlst.Sr.AssetManageInfoHold\Wlst.Sr.AssetManageInfoHold.csproj", "{A673EE5B-4088-4592-8973-96596D65F938}"
EndProject
Project("{FAE04EC0-301F-11D3-BF4B-00C04F79EFBC}") = "Wlst.Ux.AssetManagementModule", "..\Ux\Wlst.Ux.AssetManagementModule\Wlst.Ux.AssetManagementModule.csproj", "{C81C7BCE-91A4-43F0-BDA7-636E3297319B}"
EndProject
Project("{FAE04EC0-301F-11D3-BF4B-00C04F79EFBC}") = "Wlst.Ux.Wj4005Module", "..\Ux1\Wlst.Ux.Wj4005Module\Wlst.Ux.Wj4005Module.csproj", "{A809DBD4-F23A-4278-BBF6-00BE6E3511AC}"
EndProject
Project("{FAE04EC0-301F-11D3-BF4B-00C04F79EFBC}") = "Wlst.Ux.LdEquipemntTree", "..\Ux\Wlst.Ux.LdEquipemntTree\Wlst.Ux.LdEquipemntTree.csproj", "{D18E920E-40C9-4763-A264-B3A65CC9E8CA}"
EndProject
Project("{FAE04EC0-301F-11D3-BF4B-00C04F79EFBC}") = "Wlst.Ux.LhEquipemntTree", "..\Ux\Wlst.Ux.LhEquipemntTree\Wlst.Ux.LhEquipemntTree.csproj", "{EE6C8158-6390-4A6D-879B-73EB6FD0B8FD}"
EndProject
Project("{FAE04EC0-301F-11D3-BF4B-00C04F79EFBC}") = "Wlst.Ux.Statistics", "..\Ux\Wlst.Ux.Statistics\Wlst.Ux.Statistics.csproj", "{CD046C9D-F6CF-4ADE-BFDB-F415714E33F6}"
EndProject
Project("{FAE04EC0-301F-11D3-BF4B-00C04F79EFBC}") = "Wlst.Sr.tmphold", "..\Ux\Wlst.Sr.tmphold\Wlst.Sr.tmphold.csproj", "{1335AF05-8990-4316-BC0F-10CF93DF1E90}"
EndProject
Project("{FAE04EC0-301F-11D3-BF4B-00C04F79EFBC}") = "Wlst.print", "..\Ux1\Wlst.print\Wlst.print.csproj", "{955BE1EC-F265-41A5-B73B-BE8D6A44CACE}"
EndProject
Project("{FAE04EC0-301F-11D3-BF4B-00C04F79EFBC}") = "Wlst.Ux.SDCard", "..\Ux\Wlst.Ux.SDCard\Wlst.Ux.SDCard.csproj", "{E551180F-3F0D-404B-9645-B275CEA3B707}"
EndProject
Project("{2150E333-8FDC-42A3-9474-1A3956D46DE8}") = "SDCard", "SDCard", "{010B6870-928C-4D43-B0FD-ACED333E5BA9}"
EndProject
Project("{FAE04EC0-301F-11D3-BF4B-00C04F79EFBC}") = "Wlst.Ux.Wj2096Module", "..\Ux1\Wlst.Ux.Wj2096Module\Wlst.Ux.Wj2096Module.csproj", "{258BB370-221A-4010-B8F2-CC24C757AA41}"
EndProject
Project("{FAE04EC0-301F-11D3-BF4B-00C04F79EFBC}") = "Wlst.Sr.SlusglInfoHold", "..\Sr\Wlst.Sr.SlusglInfoHold\Wlst.Sr.SlusglInfoHold.csproj", "{13934D76-5931-4274-B9CD-7172DB703A8C}"
EndProject
Project("{FAE04EC0-301F-11D3-BF4B-00C04F79EFBC}") = "Wlst.Ux.EquipmentInfo", "..\Ux\Wlst.Ux.EquipmentInfo\Wlst.Ux.EquipmentInfo.csproj", "{2768D30D-FC34-4004-9C0A-CD1592C52000}"
EndProject
Project("{FAE04EC0-301F-11D3-BF4B-00C04F79EFBC}") = "Wlst.Ux.About", "..\Ux\Wlst.Ux.About\Wlst.Ux.About.csproj", "{A125B625-30C7-4895-B1AB-7D892296AB47}"
EndProject
Project("{FAE04EC0-301F-11D3-BF4B-00C04F79EFBC}") = "WlstWebBrowser", "..\Ux\WlstWebBrowser\WlstWebBrowser.csproj", "{8C82274D-C7D4-4455-A257-B66AA330D573}"
EndProject
Project("{FAE04EC0-301F-11D3-BF4B-00C04F79EFBC}") = "TestWin", "..\Cr\TestWin\TestWin.csproj", "{E5A9D98C-7719-4B55-8D66-80F7AFD7A3CD}"
EndProject
Project("{FAE04EC0-301F-11D3-BF4B-00C04F79EFBC}") = "wlst.sr.iif", "..\Sr\wlst.sr.iif\wlst.sr.iif.csproj", "{35F048E2-6ABE-4721-97D3-42AB0A19CC19}"
EndProject
Project("{FAE04EC0-301F-11D3-BF4B-00C04F79EFBC}") = "Wlst.Ux.fuyang", "..\Ux\Wlst.Ux.fuyang\Wlst.Ux.fuyang.csproj", "{27262828-1544-41F9-A197-FEAFA9FD7BF6}"
EndProject
Project("{FAE04EC0-301F-11D3-BF4B-00C04F79EFBC}") = "Wlst.Ux.CrissCrossEquipmentTree", "..\Ux\Wlst.Ux.CrissCrossEquimentTree\Wlst.Ux.CrissCrossEquipmentTree.csproj", "{FCB4FB55-1AEF-41B1-AA4A-27001F81C8E1}"
EndProject
Project("{FAE04EC0-301F-11D3-BF4B-00C04F79EFBC}") = "ConsoleApp1", "ConsoleApp1\ConsoleApp1.csproj", "{3E4A75D5-DA8C-49A7-8338-5D3428B72F1A}"
EndProject
Project("{FAE04EC0-301F-11D3-BF4B-00C04F79EFBC}") = "Wlst.Ux.CommonUxModule", "..\Ux\Wlst.Ux.StateBarModule\Wlst.Ux.CommonUxModule.csproj", "{EFC3A509-A226-4EF8-A5EB-3828EFE532E7}"
EndProject
Project("{FAE04EC0-301F-11D3-BF4B-00C04F79EFBC}") = "Wlst.Ux.Nr6005Module", "..\Ux1\Wlst.Ux.Nr6005Module\Wlst.Ux.Nr6005Module.csproj", "{CB1464DA-4E50-474A-A16B-FC9324C5E56E}"
EndProject
Project("{FAE04EC0-301F-11D3-BF4B-00C04F79EFBC}") = "Wlst.Cr.Core", "..\Cr\Wlst.Cr.Core\Wlst.Cr.Core.csproj", "{8177CB6E-C113-450A-A730-B3B199DF07BD}"
EndProject
Project("{2150E333-8FDC-42A3-9474-1A3956D46DE8}") = "UnInstall", "UnInstall", "{8D6E8E9E-DB64-4D87-91D0-F17B6203937D}"
EndProject
Global
	GlobalSection(SolutionConfigurationPlatforms) = preSolution
		Debug|Any CPU = Debug|Any CPU
		Debug|Mixed Platforms = Debug|Mixed Platforms
		Debug|x86 = Debug|x86
		Release|Any CPU = Release|Any CPU
		Release|Mixed Platforms = Release|Mixed Platforms
		Release|x86 = Release|x86
	EndGlobalSection
	GlobalSection(ProjectConfigurationPlatforms) = postSolution
		{CC200062-7325-410A-A5D2-064A8200FF3E}.Debug|Any CPU.ActiveCfg = Debug|x86
		{CC200062-7325-410A-A5D2-064A8200FF3E}.Debug|Mixed Platforms.ActiveCfg = Debug|x86
		{CC200062-7325-410A-A5D2-064A8200FF3E}.Debug|Mixed Platforms.Build.0 = Debug|x86
		{CC200062-7325-410A-A5D2-064A8200FF3E}.Debug|x86.ActiveCfg = Debug|x86
		{CC200062-7325-410A-A5D2-064A8200FF3E}.Debug|x86.Build.0 = Debug|x86
		{CC200062-7325-410A-A5D2-064A8200FF3E}.Release|Any CPU.ActiveCfg = Release|x86
		{CC200062-7325-410A-A5D2-064A8200FF3E}.Release|Mixed Platforms.ActiveCfg = Release|x86
		{CC200062-7325-410A-A5D2-064A8200FF3E}.Release|Mixed Platforms.Build.0 = Release|x86
		{CC200062-7325-410A-A5D2-064A8200FF3E}.Release|x86.ActiveCfg = Release|x86
		{CC200062-7325-410A-A5D2-064A8200FF3E}.Release|x86.Build.0 = Release|x86
		{5B49A617-42C2-45E9-8ED0-79380379F816}.Debug|Any CPU.ActiveCfg = Debug|Any CPU
		{5B49A617-42C2-45E9-8ED0-79380379F816}.Debug|Any CPU.Build.0 = Debug|Any CPU
		{5B49A617-42C2-45E9-8ED0-79380379F816}.Debug|Mixed Platforms.ActiveCfg = Debug|Any CPU
		{5B49A617-42C2-45E9-8ED0-79380379F816}.Debug|Mixed Platforms.Build.0 = Debug|Any CPU
		{5B49A617-42C2-45E9-8ED0-79380379F816}.Debug|x86.ActiveCfg = Debug|Any CPU
		{5B49A617-42C2-45E9-8ED0-79380379F816}.Release|Any CPU.ActiveCfg = Release|Any CPU
		{5B49A617-42C2-45E9-8ED0-79380379F816}.Release|Any CPU.Build.0 = Release|Any CPU
		{5B49A617-42C2-45E9-8ED0-79380379F816}.Release|Mixed Platforms.ActiveCfg = Release|Any CPU
		{5B49A617-42C2-45E9-8ED0-79380379F816}.Release|Mixed Platforms.Build.0 = Release|Any CPU
		{5B49A617-42C2-45E9-8ED0-79380379F816}.Release|x86.ActiveCfg = Release|Any CPU
		{71F7B8B4-1E4E-4CA9-88B3-2DA44E3E8333}.Debug|Any CPU.ActiveCfg = Debug|Any CPU
		{71F7B8B4-1E4E-4CA9-88B3-2DA44E3E8333}.Debug|Any CPU.Build.0 = Debug|Any CPU
		{71F7B8B4-1E4E-4CA9-88B3-2DA44E3E8333}.Debug|Mixed Platforms.ActiveCfg = Debug|Any CPU
		{71F7B8B4-1E4E-4CA9-88B3-2DA44E3E8333}.Debug|Mixed Platforms.Build.0 = Debug|Any CPU
		{71F7B8B4-1E4E-4CA9-88B3-2DA44E3E8333}.Debug|x86.ActiveCfg = Debug|Any CPU
		{71F7B8B4-1E4E-4CA9-88B3-2DA44E3E8333}.Release|Any CPU.ActiveCfg = Release|Any CPU
		{71F7B8B4-1E4E-4CA9-88B3-2DA44E3E8333}.Release|Any CPU.Build.0 = Release|Any CPU
		{71F7B8B4-1E4E-4CA9-88B3-2DA44E3E8333}.Release|Mixed Platforms.ActiveCfg = Release|Any CPU
		{71F7B8B4-1E4E-4CA9-88B3-2DA44E3E8333}.Release|Mixed Platforms.Build.0 = Release|Any CPU
		{71F7B8B4-1E4E-4CA9-88B3-2DA44E3E8333}.Release|x86.ActiveCfg = Release|Any CPU
		{C9CBA5E8-6CF6-417F-B1B2-47151C74D71E}.Debug|Any CPU.ActiveCfg = Debug|Any CPU
		{C9CBA5E8-6CF6-417F-B1B2-47151C74D71E}.Debug|Any CPU.Build.0 = Debug|Any CPU
		{C9CBA5E8-6CF6-417F-B1B2-47151C74D71E}.Debug|Mixed Platforms.ActiveCfg = Debug|Any CPU
		{C9CBA5E8-6CF6-417F-B1B2-47151C74D71E}.Debug|Mixed Platforms.Build.0 = Debug|Any CPU
		{C9CBA5E8-6CF6-417F-B1B2-47151C74D71E}.Debug|x86.ActiveCfg = Debug|Any CPU
		{C9CBA5E8-6CF6-417F-B1B2-47151C74D71E}.Release|Any CPU.ActiveCfg = Release|Any CPU
		{C9CBA5E8-6CF6-417F-B1B2-47151C74D71E}.Release|Any CPU.Build.0 = Release|Any CPU
		{C9CBA5E8-6CF6-417F-B1B2-47151C74D71E}.Release|Mixed Platforms.ActiveCfg = Release|Any CPU
		{C9CBA5E8-6CF6-417F-B1B2-47151C74D71E}.Release|Mixed Platforms.Build.0 = Release|Any CPU
		{C9CBA5E8-6CF6-417F-B1B2-47151C74D71E}.Release|x86.ActiveCfg = Release|Any CPU
		{4B02E503-7718-4C5E-93EF-54923BA5835E}.Debug|Any CPU.ActiveCfg = Debug|Any CPU
		{4B02E503-7718-4C5E-93EF-54923BA5835E}.Debug|Any CPU.Build.0 = Debug|Any CPU
		{4B02E503-7718-4C5E-93EF-54923BA5835E}.Debug|Mixed Platforms.ActiveCfg = Debug|Any CPU
		{4B02E503-7718-4C5E-93EF-54923BA5835E}.Debug|Mixed Platforms.Build.0 = Debug|Any CPU
		{4B02E503-7718-4C5E-93EF-54923BA5835E}.Debug|x86.ActiveCfg = Debug|Any CPU
		{4B02E503-7718-4C5E-93EF-54923BA5835E}.Release|Any CPU.ActiveCfg = Release|Any CPU
		{4B02E503-7718-4C5E-93EF-54923BA5835E}.Release|Any CPU.Build.0 = Release|Any CPU
		{4B02E503-7718-4C5E-93EF-54923BA5835E}.Release|Mixed Platforms.ActiveCfg = Release|Any CPU
		{4B02E503-7718-4C5E-93EF-54923BA5835E}.Release|Mixed Platforms.Build.0 = Release|Any CPU
		{4B02E503-7718-4C5E-93EF-54923BA5835E}.Release|x86.ActiveCfg = Release|Any CPU
		{956ABCFE-4465-4C88-B530-9BDA4A45FD4A}.Debug|Any CPU.ActiveCfg = Debug|Any CPU
		{956ABCFE-4465-4C88-B530-9BDA4A45FD4A}.Debug|Any CPU.Build.0 = Debug|Any CPU
		{956ABCFE-4465-4C88-B530-9BDA4A45FD4A}.Debug|Mixed Platforms.ActiveCfg = Debug|Any CPU
		{956ABCFE-4465-4C88-B530-9BDA4A45FD4A}.Debug|Mixed Platforms.Build.0 = Debug|Any CPU
		{956ABCFE-4465-4C88-B530-9BDA4A45FD4A}.Debug|x86.ActiveCfg = Debug|Any CPU
		{956ABCFE-4465-4C88-B530-9BDA4A45FD4A}.Release|Any CPU.ActiveCfg = Release|Any CPU
		{956ABCFE-4465-4C88-B530-9BDA4A45FD4A}.Release|Any CPU.Build.0 = Release|Any CPU
		{956ABCFE-4465-4C88-B530-9BDA4A45FD4A}.Release|Mixed Platforms.ActiveCfg = Release|Any CPU
		{956ABCFE-4465-4C88-B530-9BDA4A45FD4A}.Release|Mixed Platforms.Build.0 = Release|Any CPU
		{956ABCFE-4465-4C88-B530-9BDA4A45FD4A}.Release|x86.ActiveCfg = Release|Any CPU
		{44D606F7-C31E-4D2F-8AFF-D076D89FD114}.Debug|Any CPU.ActiveCfg = Debug|Any CPU
		{44D606F7-C31E-4D2F-8AFF-D076D89FD114}.Debug|Any CPU.Build.0 = Debug|Any CPU
		{44D606F7-C31E-4D2F-8AFF-D076D89FD114}.Debug|Mixed Platforms.ActiveCfg = Debug|Any CPU
		{44D606F7-C31E-4D2F-8AFF-D076D89FD114}.Debug|Mixed Platforms.Build.0 = Debug|Any CPU
		{44D606F7-C31E-4D2F-8AFF-D076D89FD114}.Debug|x86.ActiveCfg = Debug|Any CPU
		{44D606F7-C31E-4D2F-8AFF-D076D89FD114}.Release|Any CPU.ActiveCfg = Release|Any CPU
		{44D606F7-C31E-4D2F-8AFF-D076D89FD114}.Release|Any CPU.Build.0 = Release|Any CPU
		{44D606F7-C31E-4D2F-8AFF-D076D89FD114}.Release|Mixed Platforms.ActiveCfg = Release|Any CPU
		{44D606F7-C31E-4D2F-8AFF-D076D89FD114}.Release|Mixed Platforms.Build.0 = Release|Any CPU
		{44D606F7-C31E-4D2F-8AFF-D076D89FD114}.Release|x86.ActiveCfg = Release|Any CPU
		{B5545ADE-2C69-49D8-895C-CBEC0E46BDB1}.Debug|Any CPU.ActiveCfg = Debug|Any CPU
		{B5545ADE-2C69-49D8-895C-CBEC0E46BDB1}.Debug|Any CPU.Build.0 = Debug|Any CPU
		{B5545ADE-2C69-49D8-895C-CBEC0E46BDB1}.Debug|Mixed Platforms.ActiveCfg = Debug|Any CPU
		{B5545ADE-2C69-49D8-895C-CBEC0E46BDB1}.Debug|Mixed Platforms.Build.0 = Debug|Any CPU
		{B5545ADE-2C69-49D8-895C-CBEC0E46BDB1}.Debug|x86.ActiveCfg = Debug|Any CPU
		{B5545ADE-2C69-49D8-895C-CBEC0E46BDB1}.Release|Any CPU.ActiveCfg = Release|Any CPU
		{B5545ADE-2C69-49D8-895C-CBEC0E46BDB1}.Release|Any CPU.Build.0 = Release|Any CPU
		{B5545ADE-2C69-49D8-895C-CBEC0E46BDB1}.Release|Mixed Platforms.ActiveCfg = Release|Any CPU
		{B5545ADE-2C69-49D8-895C-CBEC0E46BDB1}.Release|Mixed Platforms.Build.0 = Release|Any CPU
		{B5545ADE-2C69-49D8-895C-CBEC0E46BDB1}.Release|x86.ActiveCfg = Release|Any CPU
		{5A4AE745-C9EB-447E-A458-6A25898349A3}.Debug|Any CPU.ActiveCfg = Debug|Any CPU
		{5A4AE745-C9EB-447E-A458-6A25898349A3}.Debug|Any CPU.Build.0 = Debug|Any CPU
		{5A4AE745-C9EB-447E-A458-6A25898349A3}.Debug|Mixed Platforms.ActiveCfg = Debug|Any CPU
		{5A4AE745-C9EB-447E-A458-6A25898349A3}.Debug|Mixed Platforms.Build.0 = Debug|Any CPU
		{5A4AE745-C9EB-447E-A458-6A25898349A3}.Debug|x86.ActiveCfg = Debug|Any CPU
		{5A4AE745-C9EB-447E-A458-6A25898349A3}.Release|Any CPU.ActiveCfg = Release|Any CPU
		{5A4AE745-C9EB-447E-A458-6A25898349A3}.Release|Any CPU.Build.0 = Release|Any CPU
		{5A4AE745-C9EB-447E-A458-6A25898349A3}.Release|Mixed Platforms.ActiveCfg = Release|Any CPU
		{5A4AE745-C9EB-447E-A458-6A25898349A3}.Release|Mixed Platforms.Build.0 = Release|Any CPU
		{5A4AE745-C9EB-447E-A458-6A25898349A3}.Release|x86.ActiveCfg = Release|Any CPU
		{A640DE91-C86A-4256-A634-688EBECA62DA}.Debug|Any CPU.ActiveCfg = Debug|Any CPU
		{A640DE91-C86A-4256-A634-688EBECA62DA}.Debug|Any CPU.Build.0 = Debug|Any CPU
		{A640DE91-C86A-4256-A634-688EBECA62DA}.Debug|Mixed Platforms.ActiveCfg = Debug|Any CPU
		{A640DE91-C86A-4256-A634-688EBECA62DA}.Debug|Mixed Platforms.Build.0 = Debug|Any CPU
		{A640DE91-C86A-4256-A634-688EBECA62DA}.Debug|x86.ActiveCfg = Debug|Any CPU
		{A640DE91-C86A-4256-A634-688EBECA62DA}.Release|Any CPU.ActiveCfg = Release|Any CPU
		{A640DE91-C86A-4256-A634-688EBECA62DA}.Release|Any CPU.Build.0 = Release|Any CPU
		{A640DE91-C86A-4256-A634-688EBECA62DA}.Release|Mixed Platforms.ActiveCfg = Release|Any CPU
		{A640DE91-C86A-4256-A634-688EBECA62DA}.Release|Mixed Platforms.Build.0 = Release|Any CPU
		{A640DE91-C86A-4256-A634-688EBECA62DA}.Release|x86.ActiveCfg = Release|Any CPU
		{9F7A288D-286C-49F6-A61F-E6985BBD7E6A}.Debug|Any CPU.ActiveCfg = Debug|Any CPU
		{9F7A288D-286C-49F6-A61F-E6985BBD7E6A}.Debug|Any CPU.Build.0 = Debug|Any CPU
		{9F7A288D-286C-49F6-A61F-E6985BBD7E6A}.Debug|Mixed Platforms.ActiveCfg = Debug|Any CPU
		{9F7A288D-286C-49F6-A61F-E6985BBD7E6A}.Debug|Mixed Platforms.Build.0 = Debug|Any CPU
		{9F7A288D-286C-49F6-A61F-E6985BBD7E6A}.Debug|x86.ActiveCfg = Debug|Any CPU
		{9F7A288D-286C-49F6-A61F-E6985BBD7E6A}.Release|Any CPU.ActiveCfg = Release|Any CPU
		{9F7A288D-286C-49F6-A61F-E6985BBD7E6A}.Release|Any CPU.Build.0 = Release|Any CPU
		{9F7A288D-286C-49F6-A61F-E6985BBD7E6A}.Release|Mixed Platforms.ActiveCfg = Release|Any CPU
		{9F7A288D-286C-49F6-A61F-E6985BBD7E6A}.Release|Mixed Platforms.Build.0 = Release|Any CPU
		{9F7A288D-286C-49F6-A61F-E6985BBD7E6A}.Release|x86.ActiveCfg = Release|Any CPU
		{A92ADF67-A9B7-4D7E-B6FA-01B50E89CACE}.Debug|Any CPU.ActiveCfg = Debug|Any CPU
		{A92ADF67-A9B7-4D7E-B6FA-01B50E89CACE}.Debug|Any CPU.Build.0 = Debug|Any CPU
		{A92ADF67-A9B7-4D7E-B6FA-01B50E89CACE}.Debug|Mixed Platforms.ActiveCfg = Debug|Any CPU
		{A92ADF67-A9B7-4D7E-B6FA-01B50E89CACE}.Debug|Mixed Platforms.Build.0 = Debug|Any CPU
		{A92ADF67-A9B7-4D7E-B6FA-01B50E89CACE}.Debug|x86.ActiveCfg = Debug|Any CPU
		{A92ADF67-A9B7-4D7E-B6FA-01B50E89CACE}.Release|Any CPU.ActiveCfg = Release|Any CPU
		{A92ADF67-A9B7-4D7E-B6FA-01B50E89CACE}.Release|Any CPU.Build.0 = Release|Any CPU
		{A92ADF67-A9B7-4D7E-B6FA-01B50E89CACE}.Release|Mixed Platforms.ActiveCfg = Release|Any CPU
		{A92ADF67-A9B7-4D7E-B6FA-01B50E89CACE}.Release|Mixed Platforms.Build.0 = Release|Any CPU
		{A92ADF67-A9B7-4D7E-B6FA-01B50E89CACE}.Release|x86.ActiveCfg = Release|Any CPU
		{467011FC-64F2-4FB6-8F59-942248260FFB}.Debug|Any CPU.ActiveCfg = Debug|Any CPU
		{467011FC-64F2-4FB6-8F59-942248260FFB}.Debug|Any CPU.Build.0 = Debug|Any CPU
		{467011FC-64F2-4FB6-8F59-942248260FFB}.Debug|Mixed Platforms.ActiveCfg = Debug|Any CPU
		{467011FC-64F2-4FB6-8F59-942248260FFB}.Debug|Mixed Platforms.Build.0 = Debug|Any CPU
		{467011FC-64F2-4FB6-8F59-942248260FFB}.Debug|x86.ActiveCfg = Debug|Any CPU
		{467011FC-64F2-4FB6-8F59-942248260FFB}.Release|Any CPU.ActiveCfg = Release|Any CPU
		{467011FC-64F2-4FB6-8F59-942248260FFB}.Release|Any CPU.Build.0 = Release|Any CPU
		{467011FC-64F2-4FB6-8F59-942248260FFB}.Release|Mixed Platforms.ActiveCfg = Release|Any CPU
		{467011FC-64F2-4FB6-8F59-942248260FFB}.Release|Mixed Platforms.Build.0 = Release|Any CPU
		{467011FC-64F2-4FB6-8F59-942248260FFB}.Release|x86.ActiveCfg = Release|Any CPU
		{69690B4F-B49B-490D-A6FF-C73000FE8303}.Debug|Any CPU.ActiveCfg = Debug|x86
		{69690B4F-B49B-490D-A6FF-C73000FE8303}.Debug|Mixed Platforms.ActiveCfg = Debug|x86
		{69690B4F-B49B-490D-A6FF-C73000FE8303}.Debug|Mixed Platforms.Build.0 = Debug|x86
		{69690B4F-B49B-490D-A6FF-C73000FE8303}.Debug|x86.ActiveCfg = Debug|x86
		{69690B4F-B49B-490D-A6FF-C73000FE8303}.Debug|x86.Build.0 = Debug|x86
		{69690B4F-B49B-490D-A6FF-C73000FE8303}.Release|Any CPU.ActiveCfg = Release|x86
		{69690B4F-B49B-490D-A6FF-C73000FE8303}.Release|Mixed Platforms.ActiveCfg = Release|x86
		{69690B4F-B49B-490D-A6FF-C73000FE8303}.Release|Mixed Platforms.Build.0 = Release|x86
		{69690B4F-B49B-490D-A6FF-C73000FE8303}.Release|x86.ActiveCfg = Release|x86
		{69690B4F-B49B-490D-A6FF-C73000FE8303}.Release|x86.Build.0 = Release|x86
		{C8EE907E-B8CC-49CF-A3CF-FA06C08F2042}.Debug|Any CPU.ActiveCfg = Debug|Any CPU
		{C8EE907E-B8CC-49CF-A3CF-FA06C08F2042}.Debug|Any CPU.Build.0 = Debug|Any CPU
		{C8EE907E-B8CC-49CF-A3CF-FA06C08F2042}.Debug|Mixed Platforms.ActiveCfg = Debug|Any CPU
		{C8EE907E-B8CC-49CF-A3CF-FA06C08F2042}.Debug|Mixed Platforms.Build.0 = Debug|Any CPU
		{C8EE907E-B8CC-49CF-A3CF-FA06C08F2042}.Debug|x86.ActiveCfg = Debug|Any CPU
		{C8EE907E-B8CC-49CF-A3CF-FA06C08F2042}.Release|Any CPU.ActiveCfg = Release|Any CPU
		{C8EE907E-B8CC-49CF-A3CF-FA06C08F2042}.Release|Any CPU.Build.0 = Release|Any CPU
		{C8EE907E-B8CC-49CF-A3CF-FA06C08F2042}.Release|Mixed Platforms.ActiveCfg = Release|Any CPU
		{C8EE907E-B8CC-49CF-A3CF-FA06C08F2042}.Release|Mixed Platforms.Build.0 = Release|Any CPU
		{C8EE907E-B8CC-49CF-A3CF-FA06C08F2042}.Release|x86.ActiveCfg = Release|Any CPU
		{C2650288-080D-4766-847E-C4238295C354}.Debug|Any CPU.ActiveCfg = Debug|Any CPU
		{C2650288-080D-4766-847E-C4238295C354}.Debug|Any CPU.Build.0 = Debug|Any CPU
		{C2650288-080D-4766-847E-C4238295C354}.Debug|Mixed Platforms.ActiveCfg = Debug|Any CPU
		{C2650288-080D-4766-847E-C4238295C354}.Debug|Mixed Platforms.Build.0 = Debug|Any CPU
		{C2650288-080D-4766-847E-C4238295C354}.Debug|x86.ActiveCfg = Debug|Any CPU
		{C2650288-080D-4766-847E-C4238295C354}.Release|Any CPU.ActiveCfg = Release|Any CPU
		{C2650288-080D-4766-847E-C4238295C354}.Release|Any CPU.Build.0 = Release|Any CPU
		{C2650288-080D-4766-847E-C4238295C354}.Release|Mixed Platforms.ActiveCfg = Release|Any CPU
		{C2650288-080D-4766-847E-C4238295C354}.Release|Mixed Platforms.Build.0 = Release|Any CPU
		{C2650288-080D-4766-847E-C4238295C354}.Release|x86.ActiveCfg = Release|Any CPU
		{F0851CF0-EAF8-4C30-A6A2-3237B74CD2B4}.Debug|Any CPU.ActiveCfg = Debug|Any CPU
		{F0851CF0-EAF8-4C30-A6A2-3237B74CD2B4}.Debug|Any CPU.Build.0 = Debug|Any CPU
		{F0851CF0-EAF8-4C30-A6A2-3237B74CD2B4}.Debug|Mixed Platforms.ActiveCfg = Debug|Any CPU
		{F0851CF0-EAF8-4C30-A6A2-3237B74CD2B4}.Debug|Mixed Platforms.Build.0 = Debug|Any CPU
		{F0851CF0-EAF8-4C30-A6A2-3237B74CD2B4}.Debug|x86.ActiveCfg = Debug|Any CPU
		{F0851CF0-EAF8-4C30-A6A2-3237B74CD2B4}.Release|Any CPU.ActiveCfg = Release|Any CPU
		{F0851CF0-EAF8-4C30-A6A2-3237B74CD2B4}.Release|Any CPU.Build.0 = Release|Any CPU
		{F0851CF0-EAF8-4C30-A6A2-3237B74CD2B4}.Release|Mixed Platforms.ActiveCfg = Release|Any CPU
		{F0851CF0-EAF8-4C30-A6A2-3237B74CD2B4}.Release|Mixed Platforms.Build.0 = Release|Any CPU
		{F0851CF0-EAF8-4C30-A6A2-3237B74CD2B4}.Release|x86.ActiveCfg = Release|Any CPU
		{F1AD5DCB-3CFD-4E3A-9130-69047E45F214}.Debug|Any CPU.ActiveCfg = Debug|Any CPU
		{F1AD5DCB-3CFD-4E3A-9130-69047E45F214}.Debug|Any CPU.Build.0 = Debug|Any CPU
		{F1AD5DCB-3CFD-4E3A-9130-69047E45F214}.Debug|Mixed Platforms.ActiveCfg = Debug|Any CPU
		{F1AD5DCB-3CFD-4E3A-9130-69047E45F214}.Debug|Mixed Platforms.Build.0 = Debug|Any CPU
		{F1AD5DCB-3CFD-4E3A-9130-69047E45F214}.Debug|x86.ActiveCfg = Debug|Any CPU
		{F1AD5DCB-3CFD-4E3A-9130-69047E45F214}.Release|Any CPU.ActiveCfg = Release|Any CPU
		{F1AD5DCB-3CFD-4E3A-9130-69047E45F214}.Release|Any CPU.Build.0 = Release|Any CPU
		{F1AD5DCB-3CFD-4E3A-9130-69047E45F214}.Release|Mixed Platforms.ActiveCfg = Release|Any CPU
		{F1AD5DCB-3CFD-4E3A-9130-69047E45F214}.Release|Mixed Platforms.Build.0 = Release|Any CPU
		{F1AD5DCB-3CFD-4E3A-9130-69047E45F214}.Release|x86.ActiveCfg = Release|Any CPU
		{A330DF6B-20F7-4FD0-BCA8-2FD5095395FF}.Debug|Any CPU.ActiveCfg = Debug|Any CPU
		{A330DF6B-20F7-4FD0-BCA8-2FD5095395FF}.Debug|Any CPU.Build.0 = Debug|Any CPU
		{A330DF6B-20F7-4FD0-BCA8-2FD5095395FF}.Debug|Mixed Platforms.ActiveCfg = Debug|Any CPU
		{A330DF6B-20F7-4FD0-BCA8-2FD5095395FF}.Debug|Mixed Platforms.Build.0 = Debug|Any CPU
		{A330DF6B-20F7-4FD0-BCA8-2FD5095395FF}.Debug|x86.ActiveCfg = Debug|Any CPU
		{A330DF6B-20F7-4FD0-BCA8-2FD5095395FF}.Release|Any CPU.ActiveCfg = Release|Any CPU
		{A330DF6B-20F7-4FD0-BCA8-2FD5095395FF}.Release|Any CPU.Build.0 = Release|Any CPU
		{A330DF6B-20F7-4FD0-BCA8-2FD5095395FF}.Release|Mixed Platforms.ActiveCfg = Release|Any CPU
		{A330DF6B-20F7-4FD0-BCA8-2FD5095395FF}.Release|Mixed Platforms.Build.0 = Release|Any CPU
		{A330DF6B-20F7-4FD0-BCA8-2FD5095395FF}.Release|x86.ActiveCfg = Release|Any CPU
		{0165D704-6A80-43ED-9001-5C14220D6EC2}.Debug|Any CPU.ActiveCfg = Debug|Any CPU
		{0165D704-6A80-43ED-9001-5C14220D6EC2}.Debug|Any CPU.Build.0 = Debug|Any CPU
		{0165D704-6A80-43ED-9001-5C14220D6EC2}.Debug|Mixed Platforms.ActiveCfg = Debug|Any CPU
		{0165D704-6A80-43ED-9001-5C14220D6EC2}.Debug|Mixed Platforms.Build.0 = Debug|Any CPU
		{0165D704-6A80-43ED-9001-5C14220D6EC2}.Debug|x86.ActiveCfg = Debug|Any CPU
		{0165D704-6A80-43ED-9001-5C14220D6EC2}.Release|Any CPU.ActiveCfg = Release|Any CPU
		{0165D704-6A80-43ED-9001-5C14220D6EC2}.Release|Any CPU.Build.0 = Release|Any CPU
		{0165D704-6A80-43ED-9001-5C14220D6EC2}.Release|Mixed Platforms.ActiveCfg = Release|Any CPU
		{0165D704-6A80-43ED-9001-5C14220D6EC2}.Release|Mixed Platforms.Build.0 = Release|Any CPU
		{0165D704-6A80-43ED-9001-5C14220D6EC2}.Release|x86.ActiveCfg = Release|Any CPU
		{7326E79B-65A6-4E0D-B90D-E1F4D1F10DF3}.Debug|Any CPU.ActiveCfg = Debug|Any CPU
		{7326E79B-65A6-4E0D-B90D-E1F4D1F10DF3}.Debug|Any CPU.Build.0 = Debug|Any CPU
		{7326E79B-65A6-4E0D-B90D-E1F4D1F10DF3}.Debug|Mixed Platforms.ActiveCfg = Debug|Any CPU
		{7326E79B-65A6-4E0D-B90D-E1F4D1F10DF3}.Debug|Mixed Platforms.Build.0 = Debug|Any CPU
		{7326E79B-65A6-4E0D-B90D-E1F4D1F10DF3}.Debug|x86.ActiveCfg = Debug|Any CPU
		{7326E79B-65A6-4E0D-B90D-E1F4D1F10DF3}.Release|Any CPU.ActiveCfg = Release|Any CPU
		{7326E79B-65A6-4E0D-B90D-E1F4D1F10DF3}.Release|Any CPU.Build.0 = Release|Any CPU
		{7326E79B-65A6-4E0D-B90D-E1F4D1F10DF3}.Release|Mixed Platforms.ActiveCfg = Release|Any CPU
		{7326E79B-65A6-4E0D-B90D-E1F4D1F10DF3}.Release|Mixed Platforms.Build.0 = Release|Any CPU
		{7326E79B-65A6-4E0D-B90D-E1F4D1F10DF3}.Release|x86.ActiveCfg = Release|Any CPU
		{39A628BA-554E-46F9-BB20-A78CE7D75DED}.Debug|Any CPU.ActiveCfg = Debug|Any CPU
		{39A628BA-554E-46F9-BB20-A78CE7D75DED}.Debug|Any CPU.Build.0 = Debug|Any CPU
		{39A628BA-554E-46F9-BB20-A78CE7D75DED}.Debug|Mixed Platforms.ActiveCfg = Debug|Any CPU
		{39A628BA-554E-46F9-BB20-A78CE7D75DED}.Debug|Mixed Platforms.Build.0 = Debug|Any CPU
		{39A628BA-554E-46F9-BB20-A78CE7D75DED}.Debug|x86.ActiveCfg = Debug|Any CPU
		{39A628BA-554E-46F9-BB20-A78CE7D75DED}.Release|Any CPU.ActiveCfg = Release|Any CPU
		{39A628BA-554E-46F9-BB20-A78CE7D75DED}.Release|Any CPU.Build.0 = Release|Any CPU
		{39A628BA-554E-46F9-BB20-A78CE7D75DED}.Release|Mixed Platforms.ActiveCfg = Release|Any CPU
		{39A628BA-554E-46F9-BB20-A78CE7D75DED}.Release|Mixed Platforms.Build.0 = Release|Any CPU
		{39A628BA-554E-46F9-BB20-A78CE7D75DED}.Release|x86.ActiveCfg = Release|Any CPU
		{62830F9D-8C58-4DEE-A51E-18B769CBACC6}.Debug|Any CPU.ActiveCfg = Debug|Any CPU
		{62830F9D-8C58-4DEE-A51E-18B769CBACC6}.Debug|Any CPU.Build.0 = Debug|Any CPU
		{62830F9D-8C58-4DEE-A51E-18B769CBACC6}.Debug|Mixed Platforms.ActiveCfg = Debug|Any CPU
		{62830F9D-8C58-4DEE-A51E-18B769CBACC6}.Debug|Mixed Platforms.Build.0 = Debug|Any CPU
		{62830F9D-8C58-4DEE-A51E-18B769CBACC6}.Debug|x86.ActiveCfg = Debug|Any CPU
		{62830F9D-8C58-4DEE-A51E-18B769CBACC6}.Release|Any CPU.ActiveCfg = Release|Any CPU
		{62830F9D-8C58-4DEE-A51E-18B769CBACC6}.Release|Any CPU.Build.0 = Release|Any CPU
		{62830F9D-8C58-4DEE-A51E-18B769CBACC6}.Release|Mixed Platforms.ActiveCfg = Release|Any CPU
		{62830F9D-8C58-4DEE-A51E-18B769CBACC6}.Release|Mixed Platforms.Build.0 = Release|Any CPU
		{62830F9D-8C58-4DEE-A51E-18B769CBACC6}.Release|x86.ActiveCfg = Release|Any CPU
		{00DB35E7-ECC1-4EB4-85B6-79CB1FE3692E}.Debug|Any CPU.ActiveCfg = Debug|Any CPU
		{00DB35E7-ECC1-4EB4-85B6-79CB1FE3692E}.Debug|Any CPU.Build.0 = Debug|Any CPU
		{00DB35E7-ECC1-4EB4-85B6-79CB1FE3692E}.Debug|Mixed Platforms.ActiveCfg = Debug|Any CPU
		{00DB35E7-ECC1-4EB4-85B6-79CB1FE3692E}.Debug|Mixed Platforms.Build.0 = Debug|Any CPU
		{00DB35E7-ECC1-4EB4-85B6-79CB1FE3692E}.Debug|x86.ActiveCfg = Debug|Any CPU
		{00DB35E7-ECC1-4EB4-85B6-79CB1FE3692E}.Release|Any CPU.ActiveCfg = Release|Any CPU
		{00DB35E7-ECC1-4EB4-85B6-79CB1FE3692E}.Release|Any CPU.Build.0 = Release|Any CPU
		{00DB35E7-ECC1-4EB4-85B6-79CB1FE3692E}.Release|Mixed Platforms.ActiveCfg = Release|Any CPU
		{00DB35E7-ECC1-4EB4-85B6-79CB1FE3692E}.Release|Mixed Platforms.Build.0 = Release|Any CPU
		{00DB35E7-ECC1-4EB4-85B6-79CB1FE3692E}.Release|x86.ActiveCfg = Release|Any CPU
		{2767823A-DCBB-46E6-B9A5-440DC0E2A087}.Debug|Any CPU.ActiveCfg = Debug|Any CPU
		{2767823A-DCBB-46E6-B9A5-440DC0E2A087}.Debug|Any CPU.Build.0 = Debug|Any CPU
		{2767823A-DCBB-46E6-B9A5-440DC0E2A087}.Debug|Mixed Platforms.ActiveCfg = Debug|Any CPU
		{2767823A-DCBB-46E6-B9A5-440DC0E2A087}.Debug|Mixed Platforms.Build.0 = Debug|Any CPU
		{2767823A-DCBB-46E6-B9A5-440DC0E2A087}.Debug|x86.ActiveCfg = Debug|Any CPU
		{2767823A-DCBB-46E6-B9A5-440DC0E2A087}.Release|Any CPU.ActiveCfg = Release|Any CPU
		{2767823A-DCBB-46E6-B9A5-440DC0E2A087}.Release|Any CPU.Build.0 = Release|Any CPU
		{2767823A-DCBB-46E6-B9A5-440DC0E2A087}.Release|Mixed Platforms.ActiveCfg = Release|Any CPU
		{2767823A-DCBB-46E6-B9A5-440DC0E2A087}.Release|Mixed Platforms.Build.0 = Release|Any CPU
		{2767823A-DCBB-46E6-B9A5-440DC0E2A087}.Release|x86.ActiveCfg = Release|Any CPU
		{72A08659-526B-49BE-A3ED-D032300AAC58}.Debug|Any CPU.ActiveCfg = Debug|Any CPU
		{72A08659-526B-49BE-A3ED-D032300AAC58}.Debug|Any CPU.Build.0 = Debug|Any CPU
		{72A08659-526B-49BE-A3ED-D032300AAC58}.Debug|Mixed Platforms.ActiveCfg = Debug|Any CPU
		{72A08659-526B-49BE-A3ED-D032300AAC58}.Debug|Mixed Platforms.Build.0 = Debug|Any CPU
		{72A08659-526B-49BE-A3ED-D032300AAC58}.Debug|x86.ActiveCfg = Debug|Any CPU
		{72A08659-526B-49BE-A3ED-D032300AAC58}.Release|Any CPU.ActiveCfg = Release|Any CPU
		{72A08659-526B-49BE-A3ED-D032300AAC58}.Release|Any CPU.Build.0 = Release|Any CPU
		{72A08659-526B-49BE-A3ED-D032300AAC58}.Release|Mixed Platforms.ActiveCfg = Release|Any CPU
		{72A08659-526B-49BE-A3ED-D032300AAC58}.Release|Mixed Platforms.Build.0 = Release|Any CPU
		{72A08659-526B-49BE-A3ED-D032300AAC58}.Release|x86.ActiveCfg = Release|Any CPU
		{439C02C2-CDE4-4335-805A-5A5517B9CF7A}.Debug|Any CPU.ActiveCfg = Debug|Any CPU
		{439C02C2-CDE4-4335-805A-5A5517B9CF7A}.Debug|Any CPU.Build.0 = Debug|Any CPU
		{439C02C2-CDE4-4335-805A-5A5517B9CF7A}.Debug|Mixed Platforms.ActiveCfg = Debug|Any CPU
		{439C02C2-CDE4-4335-805A-5A5517B9CF7A}.Debug|Mixed Platforms.Build.0 = Debug|Any CPU
		{439C02C2-CDE4-4335-805A-5A5517B9CF7A}.Debug|x86.ActiveCfg = Debug|Any CPU
		{439C02C2-CDE4-4335-805A-5A5517B9CF7A}.Release|Any CPU.ActiveCfg = Release|Any CPU
		{439C02C2-CDE4-4335-805A-5A5517B9CF7A}.Release|Any CPU.Build.0 = Release|Any CPU
		{439C02C2-CDE4-4335-805A-5A5517B9CF7A}.Release|Mixed Platforms.ActiveCfg = Release|Any CPU
		{439C02C2-CDE4-4335-805A-5A5517B9CF7A}.Release|Mixed Platforms.Build.0 = Release|Any CPU
		{439C02C2-CDE4-4335-805A-5A5517B9CF7A}.Release|x86.ActiveCfg = Release|Any CPU
		{295CF817-8A13-4B9E-B1E8-34464DFC9481}.Debug|Any CPU.ActiveCfg = Debug|x86
		{295CF817-8A13-4B9E-B1E8-34464DFC9481}.Debug|Mixed Platforms.ActiveCfg = Debug|x86
		{295CF817-8A13-4B9E-B1E8-34464DFC9481}.Debug|Mixed Platforms.Build.0 = Debug|x86
		{295CF817-8A13-4B9E-B1E8-34464DFC9481}.Debug|x86.ActiveCfg = Debug|x86
		{295CF817-8A13-4B9E-B1E8-34464DFC9481}.Debug|x86.Build.0 = Debug|x86
		{295CF817-8A13-4B9E-B1E8-34464DFC9481}.Release|Any CPU.ActiveCfg = Release|x86
		{295CF817-8A13-4B9E-B1E8-34464DFC9481}.Release|Mixed Platforms.ActiveCfg = Release|x86
		{295CF817-8A13-4B9E-B1E8-34464DFC9481}.Release|Mixed Platforms.Build.0 = Release|x86
		{295CF817-8A13-4B9E-B1E8-34464DFC9481}.Release|x86.ActiveCfg = Release|x86
		{295CF817-8A13-4B9E-B1E8-34464DFC9481}.Release|x86.Build.0 = Release|x86
		{1755B6E8-FBB2-4C3E-B911-0001E9D3350D}.Debug|Any CPU.ActiveCfg = Debug|Any CPU
		{1755B6E8-FBB2-4C3E-B911-0001E9D3350D}.Debug|Any CPU.Build.0 = Debug|Any CPU
		{1755B6E8-FBB2-4C3E-B911-0001E9D3350D}.Debug|Mixed Platforms.ActiveCfg = Debug|Any CPU
		{1755B6E8-FBB2-4C3E-B911-0001E9D3350D}.Debug|Mixed Platforms.Build.0 = Debug|Any CPU
		{1755B6E8-FBB2-4C3E-B911-0001E9D3350D}.Debug|x86.ActiveCfg = Debug|Any CPU
		{1755B6E8-FBB2-4C3E-B911-0001E9D3350D}.Release|Any CPU.ActiveCfg = Release|Any CPU
		{1755B6E8-FBB2-4C3E-B911-0001E9D3350D}.Release|Any CPU.Build.0 = Release|Any CPU
		{1755B6E8-FBB2-4C3E-B911-0001E9D3350D}.Release|Mixed Platforms.ActiveCfg = Release|Any CPU
		{1755B6E8-FBB2-4C3E-B911-0001E9D3350D}.Release|Mixed Platforms.Build.0 = Release|Any CPU
		{1755B6E8-FBB2-4C3E-B911-0001E9D3350D}.Release|x86.ActiveCfg = Release|Any CPU
		{9BDC5666-E541-4A30-8BDE-2B1C0D963311}.Debug|Any CPU.ActiveCfg = Debug|Any CPU
		{9BDC5666-E541-4A30-8BDE-2B1C0D963311}.Debug|Any CPU.Build.0 = Debug|Any CPU
		{9BDC5666-E541-4A30-8BDE-2B1C0D963311}.Debug|Mixed Platforms.ActiveCfg = Debug|Any CPU
		{9BDC5666-E541-4A30-8BDE-2B1C0D963311}.Debug|Mixed Platforms.Build.0 = Debug|Any CPU
		{9BDC5666-E541-4A30-8BDE-2B1C0D963311}.Debug|x86.ActiveCfg = Debug|Any CPU
		{9BDC5666-E541-4A30-8BDE-2B1C0D963311}.Release|Any CPU.ActiveCfg = Release|Any CPU
		{9BDC5666-E541-4A30-8BDE-2B1C0D963311}.Release|Any CPU.Build.0 = Release|Any CPU
		{9BDC5666-E541-4A30-8BDE-2B1C0D963311}.Release|Mixed Platforms.ActiveCfg = Release|Any CPU
		{9BDC5666-E541-4A30-8BDE-2B1C0D963311}.Release|Mixed Platforms.Build.0 = Release|Any CPU
		{9BDC5666-E541-4A30-8BDE-2B1C0D963311}.Release|x86.ActiveCfg = Release|Any CPU
		{B66A046F-2F0A-429F-9C51-63452D3F6A92}.Debug|Any CPU.ActiveCfg = Debug|Any CPU
		{B66A046F-2F0A-429F-9C51-63452D3F6A92}.Debug|Any CPU.Build.0 = Debug|Any CPU
		{B66A046F-2F0A-429F-9C51-63452D3F6A92}.Debug|Mixed Platforms.ActiveCfg = Debug|Any CPU
		{B66A046F-2F0A-429F-9C51-63452D3F6A92}.Debug|Mixed Platforms.Build.0 = Debug|Any CPU
		{B66A046F-2F0A-429F-9C51-63452D3F6A92}.Debug|x86.ActiveCfg = Debug|Any CPU
		{B66A046F-2F0A-429F-9C51-63452D3F6A92}.Release|Any CPU.ActiveCfg = Release|Any CPU
		{B66A046F-2F0A-429F-9C51-63452D3F6A92}.Release|Any CPU.Build.0 = Release|Any CPU
		{B66A046F-2F0A-429F-9C51-63452D3F6A92}.Release|Mixed Platforms.ActiveCfg = Release|Any CPU
		{B66A046F-2F0A-429F-9C51-63452D3F6A92}.Release|Mixed Platforms.Build.0 = Release|Any CPU
		{B66A046F-2F0A-429F-9C51-63452D3F6A92}.Release|x86.ActiveCfg = Release|Any CPU
		{BA67582A-5CA2-4B65-A282-342A339606EE}.Debug|Any CPU.ActiveCfg = Debug|Any CPU
		{BA67582A-5CA2-4B65-A282-342A339606EE}.Debug|Any CPU.Build.0 = Debug|Any CPU
		{BA67582A-5CA2-4B65-A282-342A339606EE}.Debug|Mixed Platforms.ActiveCfg = Debug|Any CPU
		{BA67582A-5CA2-4B65-A282-342A339606EE}.Debug|Mixed Platforms.Build.0 = Debug|Any CPU
		{BA67582A-5CA2-4B65-A282-342A339606EE}.Debug|x86.ActiveCfg = Debug|Any CPU
		{BA67582A-5CA2-4B65-A282-342A339606EE}.Release|Any CPU.ActiveCfg = Release|Any CPU
		{BA67582A-5CA2-4B65-A282-342A339606EE}.Release|Any CPU.Build.0 = Release|Any CPU
		{BA67582A-5CA2-4B65-A282-342A339606EE}.Release|Mixed Platforms.ActiveCfg = Release|Any CPU
		{BA67582A-5CA2-4B65-A282-342A339606EE}.Release|Mixed Platforms.Build.0 = Release|Any CPU
		{BA67582A-5CA2-4B65-A282-342A339606EE}.Release|x86.ActiveCfg = Release|Any CPU
		{B7EAA4CC-905C-4299-8443-F919D45B3220}.Debug|Any CPU.ActiveCfg = Debug|Any CPU
		{B7EAA4CC-905C-4299-8443-F919D45B3220}.Debug|Any CPU.Build.0 = Debug|Any CPU
		{B7EAA4CC-905C-4299-8443-F919D45B3220}.Debug|Mixed Platforms.ActiveCfg = Debug|Any CPU
		{B7EAA4CC-905C-4299-8443-F919D45B3220}.Debug|Mixed Platforms.Build.0 = Debug|Any CPU
		{B7EAA4CC-905C-4299-8443-F919D45B3220}.Debug|x86.ActiveCfg = Debug|Any CPU
		{B7EAA4CC-905C-4299-8443-F919D45B3220}.Release|Any CPU.ActiveCfg = Release|Any CPU
		{B7EAA4CC-905C-4299-8443-F919D45B3220}.Release|Any CPU.Build.0 = Release|Any CPU
		{B7EAA4CC-905C-4299-8443-F919D45B3220}.Release|Mixed Platforms.ActiveCfg = Release|Any CPU
		{B7EAA4CC-905C-4299-8443-F919D45B3220}.Release|Mixed Platforms.Build.0 = Release|Any CPU
		{B7EAA4CC-905C-4299-8443-F919D45B3220}.Release|x86.ActiveCfg = Release|Any CPU
		{5FA43479-C7D6-472B-8927-812C98BACE74}.Debug|Any CPU.ActiveCfg = Debug|Any CPU
		{5FA43479-C7D6-472B-8927-812C98BACE74}.Debug|Any CPU.Build.0 = Debug|Any CPU
		{5FA43479-C7D6-472B-8927-812C98BACE74}.Debug|Mixed Platforms.ActiveCfg = Debug|Any CPU
		{5FA43479-C7D6-472B-8927-812C98BACE74}.Debug|Mixed Platforms.Build.0 = Debug|Any CPU
		{5FA43479-C7D6-472B-8927-812C98BACE74}.Debug|x86.ActiveCfg = Debug|Any CPU
		{5FA43479-C7D6-472B-8927-812C98BACE74}.Release|Any CPU.ActiveCfg = Release|Any CPU
		{5FA43479-C7D6-472B-8927-812C98BACE74}.Release|Any CPU.Build.0 = Release|Any CPU
		{5FA43479-C7D6-472B-8927-812C98BACE74}.Release|Mixed Platforms.ActiveCfg = Release|Any CPU
		{5FA43479-C7D6-472B-8927-812C98BACE74}.Release|Mixed Platforms.Build.0 = Release|Any CPU
		{5FA43479-C7D6-472B-8927-812C98BACE74}.Release|x86.ActiveCfg = Release|Any CPU
		{B23152A0-D601-46E1-AD7B-044D101531BE}.Debug|Any CPU.ActiveCfg = Debug|Any CPU
		{B23152A0-D601-46E1-AD7B-044D101531BE}.Debug|Any CPU.Build.0 = Debug|Any CPU
		{B23152A0-D601-46E1-AD7B-044D101531BE}.Debug|Mixed Platforms.ActiveCfg = Debug|Any CPU
		{B23152A0-D601-46E1-AD7B-044D101531BE}.Debug|Mixed Platforms.Build.0 = Debug|Any CPU
		{B23152A0-D601-46E1-AD7B-044D101531BE}.Debug|x86.ActiveCfg = Debug|Any CPU
		{B23152A0-D601-46E1-AD7B-044D101531BE}.Release|Any CPU.ActiveCfg = Release|Any CPU
		{B23152A0-D601-46E1-AD7B-044D101531BE}.Release|Any CPU.Build.0 = Release|Any CPU
		{B23152A0-D601-46E1-AD7B-044D101531BE}.Release|Mixed Platforms.ActiveCfg = Release|Any CPU
		{B23152A0-D601-46E1-AD7B-044D101531BE}.Release|Mixed Platforms.Build.0 = Release|Any CPU
		{B23152A0-D601-46E1-AD7B-044D101531BE}.Release|x86.ActiveCfg = Release|Any CPU
		{F8DE5951-8FB7-413A-86E6-BA6C14CC0588}.Debug|Any CPU.ActiveCfg = Debug|Any CPU
		{F8DE5951-8FB7-413A-86E6-BA6C14CC0588}.Debug|Any CPU.Build.0 = Debug|Any CPU
		{F8DE5951-8FB7-413A-86E6-BA6C14CC0588}.Debug|Mixed Platforms.ActiveCfg = Debug|Any CPU
		{F8DE5951-8FB7-413A-86E6-BA6C14CC0588}.Debug|Mixed Platforms.Build.0 = Debug|Any CPU
		{F8DE5951-8FB7-413A-86E6-BA6C14CC0588}.Debug|x86.ActiveCfg = Debug|Any CPU
		{F8DE5951-8FB7-413A-86E6-BA6C14CC0588}.Release|Any CPU.ActiveCfg = Release|Any CPU
		{F8DE5951-8FB7-413A-86E6-BA6C14CC0588}.Release|Any CPU.Build.0 = Release|Any CPU
		{F8DE5951-8FB7-413A-86E6-BA6C14CC0588}.Release|Mixed Platforms.ActiveCfg = Release|Any CPU
		{F8DE5951-8FB7-413A-86E6-BA6C14CC0588}.Release|Mixed Platforms.Build.0 = Release|Any CPU
		{F8DE5951-8FB7-413A-86E6-BA6C14CC0588}.Release|x86.ActiveCfg = Release|Any CPU
		{7B8CA5C8-7413-4394-B7FB-9285D60C3A11}.Debug|Any CPU.ActiveCfg = Debug|Any CPU
		{7B8CA5C8-7413-4394-B7FB-9285D60C3A11}.Debug|Any CPU.Build.0 = Debug|Any CPU
		{7B8CA5C8-7413-4394-B7FB-9285D60C3A11}.Debug|Mixed Platforms.ActiveCfg = Debug|Any CPU
		{7B8CA5C8-7413-4394-B7FB-9285D60C3A11}.Debug|Mixed Platforms.Build.0 = Debug|Any CPU
		{7B8CA5C8-7413-4394-B7FB-9285D60C3A11}.Debug|x86.ActiveCfg = Debug|Any CPU
		{7B8CA5C8-7413-4394-B7FB-9285D60C3A11}.Release|Any CPU.ActiveCfg = Release|Any CPU
		{7B8CA5C8-7413-4394-B7FB-9285D60C3A11}.Release|Any CPU.Build.0 = Release|Any CPU
		{7B8CA5C8-7413-4394-B7FB-9285D60C3A11}.Release|Mixed Platforms.ActiveCfg = Release|Any CPU
		{7B8CA5C8-7413-4394-B7FB-9285D60C3A11}.Release|Mixed Platforms.Build.0 = Release|Any CPU
		{7B8CA5C8-7413-4394-B7FB-9285D60C3A11}.Release|x86.ActiveCfg = Release|Any CPU
		{BB4FFFFF-63A6-4C39-AF3C-E8908B166D72}.Debug|Any CPU.ActiveCfg = Debug|Any CPU
		{BB4FFFFF-63A6-4C39-AF3C-E8908B166D72}.Debug|Any CPU.Build.0 = Debug|Any CPU
		{BB4FFFFF-63A6-4C39-AF3C-E8908B166D72}.Debug|Mixed Platforms.ActiveCfg = Debug|Any CPU
		{BB4FFFFF-63A6-4C39-AF3C-E8908B166D72}.Debug|Mixed Platforms.Build.0 = Debug|Any CPU
		{BB4FFFFF-63A6-4C39-AF3C-E8908B166D72}.Debug|x86.ActiveCfg = Debug|Any CPU
		{BB4FFFFF-63A6-4C39-AF3C-E8908B166D72}.Release|Any CPU.ActiveCfg = Release|Any CPU
		{BB4FFFFF-63A6-4C39-AF3C-E8908B166D72}.Release|Any CPU.Build.0 = Release|Any CPU
		{BB4FFFFF-63A6-4C39-AF3C-E8908B166D72}.Release|Mixed Platforms.ActiveCfg = Release|Any CPU
		{BB4FFFFF-63A6-4C39-AF3C-E8908B166D72}.Release|Mixed Platforms.Build.0 = Release|Any CPU
		{BB4FFFFF-63A6-4C39-AF3C-E8908B166D72}.Release|x86.ActiveCfg = Release|Any CPU
		{5FB96429-600C-435B-B24F-7A19C5B92216}.Debug|Any CPU.ActiveCfg = Debug|Any CPU
		{5FB96429-600C-435B-B24F-7A19C5B92216}.Debug|Any CPU.Build.0 = Debug|Any CPU
		{5FB96429-600C-435B-B24F-7A19C5B92216}.Debug|Mixed Platforms.ActiveCfg = Debug|Any CPU
		{5FB96429-600C-435B-B24F-7A19C5B92216}.Debug|Mixed Platforms.Build.0 = Debug|Any CPU
		{5FB96429-600C-435B-B24F-7A19C5B92216}.Debug|x86.ActiveCfg = Debug|Any CPU
		{5FB96429-600C-435B-B24F-7A19C5B92216}.Release|Any CPU.ActiveCfg = Release|Any CPU
		{5FB96429-600C-435B-B24F-7A19C5B92216}.Release|Any CPU.Build.0 = Release|Any CPU
		{5FB96429-600C-435B-B24F-7A19C5B92216}.Release|Mixed Platforms.ActiveCfg = Release|Any CPU
		{5FB96429-600C-435B-B24F-7A19C5B92216}.Release|Mixed Platforms.Build.0 = Release|Any CPU
		{5FB96429-600C-435B-B24F-7A19C5B92216}.Release|x86.ActiveCfg = Release|Any CPU
		{B47F00DC-545F-47D5-B808-5EDFFF95ECBB}.Debug|Any CPU.ActiveCfg = Debug|Any CPU
		{B47F00DC-545F-47D5-B808-5EDFFF95ECBB}.Debug|Any CPU.Build.0 = Debug|Any CPU
		{B47F00DC-545F-47D5-B808-5EDFFF95ECBB}.Debug|Mixed Platforms.ActiveCfg = Debug|Any CPU
		{B47F00DC-545F-47D5-B808-5EDFFF95ECBB}.Debug|Mixed Platforms.Build.0 = Debug|Any CPU
		{B47F00DC-545F-47D5-B808-5EDFFF95ECBB}.Debug|x86.ActiveCfg = Debug|Any CPU
		{B47F00DC-545F-47D5-B808-5EDFFF95ECBB}.Release|Any CPU.ActiveCfg = Release|Any CPU
		{B47F00DC-545F-47D5-B808-5EDFFF95ECBB}.Release|Any CPU.Build.0 = Release|Any CPU
		{B47F00DC-545F-47D5-B808-5EDFFF95ECBB}.Release|Mixed Platforms.ActiveCfg = Release|Any CPU
		{B47F00DC-545F-47D5-B808-5EDFFF95ECBB}.Release|Mixed Platforms.Build.0 = Release|Any CPU
		{B47F00DC-545F-47D5-B808-5EDFFF95ECBB}.Release|x86.ActiveCfg = Release|Any CPU
		{FB6A186E-C46A-46FC-ACA1-11623FF0BBD0}.Debug|Any CPU.ActiveCfg = Debug|x86
		{FB6A186E-C46A-46FC-ACA1-11623FF0BBD0}.Debug|Mixed Platforms.ActiveCfg = Debug|x86
		{FB6A186E-C46A-46FC-ACA1-11623FF0BBD0}.Debug|Mixed Platforms.Build.0 = Debug|x86
		{FB6A186E-C46A-46FC-ACA1-11623FF0BBD0}.Debug|x86.ActiveCfg = Debug|x86
		{FB6A186E-C46A-46FC-ACA1-11623FF0BBD0}.Debug|x86.Build.0 = Debug|x86
		{FB6A186E-C46A-46FC-ACA1-11623FF0BBD0}.Release|Any CPU.ActiveCfg = Release|x86
		{FB6A186E-C46A-46FC-ACA1-11623FF0BBD0}.Release|Mixed Platforms.ActiveCfg = Release|x86
		{FB6A186E-C46A-46FC-ACA1-11623FF0BBD0}.Release|Mixed Platforms.Build.0 = Release|x86
		{FB6A186E-C46A-46FC-ACA1-11623FF0BBD0}.Release|x86.ActiveCfg = Release|x86
		{FB6A186E-C46A-46FC-ACA1-11623FF0BBD0}.Release|x86.Build.0 = Release|x86
		{73EBE6B7-B56D-4B5D-B2D1-39E4195BBEA7}.Debug|Any CPU.ActiveCfg = Debug|Any CPU
		{73EBE6B7-B56D-4B5D-B2D1-39E4195BBEA7}.Debug|Any CPU.Build.0 = Debug|Any CPU
		{73EBE6B7-B56D-4B5D-B2D1-39E4195BBEA7}.Debug|Mixed Platforms.ActiveCfg = Debug|Any CPU
		{73EBE6B7-B56D-4B5D-B2D1-39E4195BBEA7}.Debug|Mixed Platforms.Build.0 = Debug|Any CPU
		{73EBE6B7-B56D-4B5D-B2D1-39E4195BBEA7}.Debug|x86.ActiveCfg = Debug|Any CPU
		{73EBE6B7-B56D-4B5D-B2D1-39E4195BBEA7}.Release|Any CPU.ActiveCfg = Release|Any CPU
		{73EBE6B7-B56D-4B5D-B2D1-39E4195BBEA7}.Release|Any CPU.Build.0 = Release|Any CPU
		{73EBE6B7-B56D-4B5D-B2D1-39E4195BBEA7}.Release|Mixed Platforms.ActiveCfg = Release|Any CPU
		{73EBE6B7-B56D-4B5D-B2D1-39E4195BBEA7}.Release|Mixed Platforms.Build.0 = Release|Any CPU
		{73EBE6B7-B56D-4B5D-B2D1-39E4195BBEA7}.Release|x86.ActiveCfg = Release|Any CPU
		{D0C39D9D-BED0-418B-9A5E-713176CAF40C}.Debug|Any CPU.ActiveCfg = Debug|Any CPU
		{D0C39D9D-BED0-418B-9A5E-713176CAF40C}.Debug|Any CPU.Build.0 = Debug|Any CPU
		{D0C39D9D-BED0-418B-9A5E-713176CAF40C}.Debug|Mixed Platforms.ActiveCfg = Debug|Any CPU
		{D0C39D9D-BED0-418B-9A5E-713176CAF40C}.Debug|Mixed Platforms.Build.0 = Debug|Any CPU
		{D0C39D9D-BED0-418B-9A5E-713176CAF40C}.Debug|x86.ActiveCfg = Debug|Any CPU
		{D0C39D9D-BED0-418B-9A5E-713176CAF40C}.Release|Any CPU.ActiveCfg = Release|Any CPU
		{D0C39D9D-BED0-418B-9A5E-713176CAF40C}.Release|Any CPU.Build.0 = Release|Any CPU
		{D0C39D9D-BED0-418B-9A5E-713176CAF40C}.Release|Mixed Platforms.ActiveCfg = Release|Any CPU
		{D0C39D9D-BED0-418B-9A5E-713176CAF40C}.Release|Mixed Platforms.Build.0 = Release|Any CPU
		{D0C39D9D-BED0-418B-9A5E-713176CAF40C}.Release|x86.ActiveCfg = Release|Any CPU
		{644FE7D4-0184-400F-B2D7-99CB41360658}.Debug|Any CPU.ActiveCfg = Debug|Any CPU
		{644FE7D4-0184-400F-B2D7-99CB41360658}.Debug|Any CPU.Build.0 = Debug|Any CPU
		{644FE7D4-0184-400F-B2D7-99CB41360658}.Debug|Mixed Platforms.ActiveCfg = Debug|Any CPU
		{644FE7D4-0184-400F-B2D7-99CB41360658}.Debug|Mixed Platforms.Build.0 = Debug|Any CPU
		{644FE7D4-0184-400F-B2D7-99CB41360658}.Debug|x86.ActiveCfg = Debug|Any CPU
		{644FE7D4-0184-400F-B2D7-99CB41360658}.Release|Any CPU.ActiveCfg = Release|Any CPU
		{644FE7D4-0184-400F-B2D7-99CB41360658}.Release|Any CPU.Build.0 = Release|Any CPU
		{644FE7D4-0184-400F-B2D7-99CB41360658}.Release|Mixed Platforms.ActiveCfg = Release|Any CPU
		{644FE7D4-0184-400F-B2D7-99CB41360658}.Release|Mixed Platforms.Build.0 = Release|Any CPU
		{644FE7D4-0184-400F-B2D7-99CB41360658}.Release|x86.ActiveCfg = Release|Any CPU
		{0D75675E-48D7-4808-BACD-563E60518E30}.Debug|Any CPU.ActiveCfg = Debug|Any CPU
		{0D75675E-48D7-4808-BACD-563E60518E30}.Debug|Any CPU.Build.0 = Debug|Any CPU
		{0D75675E-48D7-4808-BACD-563E60518E30}.Debug|Mixed Platforms.ActiveCfg = Debug|Any CPU
		{0D75675E-48D7-4808-BACD-563E60518E30}.Debug|Mixed Platforms.Build.0 = Debug|Any CPU
		{0D75675E-48D7-4808-BACD-563E60518E30}.Debug|x86.ActiveCfg = Debug|Any CPU
		{0D75675E-48D7-4808-BACD-563E60518E30}.Release|Any CPU.ActiveCfg = Release|Any CPU
		{0D75675E-48D7-4808-BACD-563E60518E30}.Release|Any CPU.Build.0 = Release|Any CPU
		{0D75675E-48D7-4808-BACD-563E60518E30}.Release|Mixed Platforms.ActiveCfg = Release|Any CPU
		{0D75675E-48D7-4808-BACD-563E60518E30}.Release|Mixed Platforms.Build.0 = Release|Any CPU
		{0D75675E-48D7-4808-BACD-563E60518E30}.Release|x86.ActiveCfg = Release|Any CPU
		{DA619624-4D4E-40D0-9991-84319F24F73B}.Debug|Any CPU.ActiveCfg = Debug|Any CPU
		{DA619624-4D4E-40D0-9991-84319F24F73B}.Debug|Any CPU.Build.0 = Debug|Any CPU
		{DA619624-4D4E-40D0-9991-84319F24F73B}.Debug|Mixed Platforms.ActiveCfg = Debug|Any CPU
		{DA619624-4D4E-40D0-9991-84319F24F73B}.Debug|Mixed Platforms.Build.0 = Debug|Any CPU
		{DA619624-4D4E-40D0-9991-84319F24F73B}.Debug|x86.ActiveCfg = Debug|Any CPU
		{DA619624-4D4E-40D0-9991-84319F24F73B}.Release|Any CPU.ActiveCfg = Release|Any CPU
		{DA619624-4D4E-40D0-9991-84319F24F73B}.Release|Any CPU.Build.0 = Release|Any CPU
		{DA619624-4D4E-40D0-9991-84319F24F73B}.Release|Mixed Platforms.ActiveCfg = Release|Any CPU
		{DA619624-4D4E-40D0-9991-84319F24F73B}.Release|Mixed Platforms.Build.0 = Release|Any CPU
		{DA619624-4D4E-40D0-9991-84319F24F73B}.Release|x86.ActiveCfg = Release|Any CPU
		{393304CA-22DB-4006-9F95-59F6C83B4BB1}.Debug|Any CPU.ActiveCfg = Debug|Any CPU
		{393304CA-22DB-4006-9F95-59F6C83B4BB1}.Debug|Any CPU.Build.0 = Debug|Any CPU
		{393304CA-22DB-4006-9F95-59F6C83B4BB1}.Debug|Mixed Platforms.ActiveCfg = Debug|Any CPU
		{393304CA-22DB-4006-9F95-59F6C83B4BB1}.Debug|Mixed Platforms.Build.0 = Debug|Any CPU
		{393304CA-22DB-4006-9F95-59F6C83B4BB1}.Debug|x86.ActiveCfg = Debug|Any CPU
		{393304CA-22DB-4006-9F95-59F6C83B4BB1}.Release|Any CPU.ActiveCfg = Release|Any CPU
		{393304CA-22DB-4006-9F95-59F6C83B4BB1}.Release|Any CPU.Build.0 = Release|Any CPU
		{393304CA-22DB-4006-9F95-59F6C83B4BB1}.Release|Mixed Platforms.ActiveCfg = Release|Any CPU
		{393304CA-22DB-4006-9F95-59F6C83B4BB1}.Release|Mixed Platforms.Build.0 = Release|Any CPU
		{393304CA-22DB-4006-9F95-59F6C83B4BB1}.Release|x86.ActiveCfg = Release|Any CPU
		{69347A84-8D74-4906-8140-D509EBAB7200}.Debug|Any CPU.ActiveCfg = Debug|Any CPU
		{69347A84-8D74-4906-8140-D509EBAB7200}.Debug|Any CPU.Build.0 = Debug|Any CPU
		{69347A84-8D74-4906-8140-D509EBAB7200}.Debug|Mixed Platforms.ActiveCfg = Debug|Any CPU
		{69347A84-8D74-4906-8140-D509EBAB7200}.Debug|Mixed Platforms.Build.0 = Debug|Any CPU
		{69347A84-8D74-4906-8140-D509EBAB7200}.Debug|x86.ActiveCfg = Debug|Any CPU
		{69347A84-8D74-4906-8140-D509EBAB7200}.Release|Any CPU.ActiveCfg = Release|Any CPU
		{69347A84-8D74-4906-8140-D509EBAB7200}.Release|Any CPU.Build.0 = Release|Any CPU
		{69347A84-8D74-4906-8140-D509EBAB7200}.Release|Mixed Platforms.ActiveCfg = Release|Any CPU
		{69347A84-8D74-4906-8140-D509EBAB7200}.Release|Mixed Platforms.Build.0 = Release|Any CPU
		{69347A84-8D74-4906-8140-D509EBAB7200}.Release|x86.ActiveCfg = Release|Any CPU
		{972B5082-AAEE-4C24-A956-9BBB0CE5D826}.Debug|Any CPU.ActiveCfg = Debug|Any CPU
		{972B5082-AAEE-4C24-A956-9BBB0CE5D826}.Debug|Any CPU.Build.0 = Debug|Any CPU
		{972B5082-AAEE-4C24-A956-9BBB0CE5D826}.Debug|Mixed Platforms.ActiveCfg = Debug|Any CPU
		{972B5082-AAEE-4C24-A956-9BBB0CE5D826}.Debug|Mixed Platforms.Build.0 = Debug|Any CPU
		{972B5082-AAEE-4C24-A956-9BBB0CE5D826}.Debug|x86.ActiveCfg = Debug|Any CPU
		{972B5082-AAEE-4C24-A956-9BBB0CE5D826}.Release|Any CPU.ActiveCfg = Release|Any CPU
		{972B5082-AAEE-4C24-A956-9BBB0CE5D826}.Release|Any CPU.Build.0 = Release|Any CPU
		{972B5082-AAEE-4C24-A956-9BBB0CE5D826}.Release|Mixed Platforms.ActiveCfg = Release|Any CPU
		{972B5082-AAEE-4C24-A956-9BBB0CE5D826}.Release|Mixed Platforms.Build.0 = Release|Any CPU
		{972B5082-AAEE-4C24-A956-9BBB0CE5D826}.Release|x86.ActiveCfg = Release|Any CPU
		{DF8A1F26-7AEB-456E-AEF9-9EC5900E9C66}.Debug|Any CPU.ActiveCfg = Debug|Any CPU
		{DF8A1F26-7AEB-456E-AEF9-9EC5900E9C66}.Debug|Any CPU.Build.0 = Debug|Any CPU
		{DF8A1F26-7AEB-456E-AEF9-9EC5900E9C66}.Debug|Mixed Platforms.ActiveCfg = Debug|Any CPU
		{DF8A1F26-7AEB-456E-AEF9-9EC5900E9C66}.Debug|Mixed Platforms.Build.0 = Debug|Any CPU
		{DF8A1F26-7AEB-456E-AEF9-9EC5900E9C66}.Debug|x86.ActiveCfg = Debug|Any CPU
		{DF8A1F26-7AEB-456E-AEF9-9EC5900E9C66}.Release|Any CPU.ActiveCfg = Release|Any CPU
		{DF8A1F26-7AEB-456E-AEF9-9EC5900E9C66}.Release|Any CPU.Build.0 = Release|Any CPU
		{DF8A1F26-7AEB-456E-AEF9-9EC5900E9C66}.Release|Mixed Platforms.ActiveCfg = Release|Any CPU
		{DF8A1F26-7AEB-456E-AEF9-9EC5900E9C66}.Release|Mixed Platforms.Build.0 = Release|Any CPU
		{DF8A1F26-7AEB-456E-AEF9-9EC5900E9C66}.Release|x86.ActiveCfg = Release|Any CPU
		{86E8A0DC-9F8E-4301-BAAF-2C8123FC3179}.Debug|Any CPU.ActiveCfg = Debug|Any CPU
		{86E8A0DC-9F8E-4301-BAAF-2C8123FC3179}.Debug|Any CPU.Build.0 = Debug|Any CPU
		{86E8A0DC-9F8E-4301-BAAF-2C8123FC3179}.Debug|Mixed Platforms.ActiveCfg = Debug|Any CPU
		{86E8A0DC-9F8E-4301-BAAF-2C8123FC3179}.Debug|Mixed Platforms.Build.0 = Debug|Any CPU
		{86E8A0DC-9F8E-4301-BAAF-2C8123FC3179}.Debug|x86.ActiveCfg = Debug|Any CPU
		{86E8A0DC-9F8E-4301-BAAF-2C8123FC3179}.Release|Any CPU.ActiveCfg = Release|Any CPU
		{86E8A0DC-9F8E-4301-BAAF-2C8123FC3179}.Release|Any CPU.Build.0 = Release|Any CPU
		{86E8A0DC-9F8E-4301-BAAF-2C8123FC3179}.Release|Mixed Platforms.ActiveCfg = Release|Any CPU
		{86E8A0DC-9F8E-4301-BAAF-2C8123FC3179}.Release|Mixed Platforms.Build.0 = Release|Any CPU
		{86E8A0DC-9F8E-4301-BAAF-2C8123FC3179}.Release|x86.ActiveCfg = Release|Any CPU
		{CC9DADF4-4BBE-4231-954A-01D507B58BB9}.Debug|Any CPU.ActiveCfg = Debug|Any CPU
		{CC9DADF4-4BBE-4231-954A-01D507B58BB9}.Debug|Any CPU.Build.0 = Debug|Any CPU
		{CC9DADF4-4BBE-4231-954A-01D507B58BB9}.Debug|Mixed Platforms.ActiveCfg = Debug|Any CPU
		{CC9DADF4-4BBE-4231-954A-01D507B58BB9}.Debug|Mixed Platforms.Build.0 = Debug|Any CPU
		{CC9DADF4-4BBE-4231-954A-01D507B58BB9}.Debug|x86.ActiveCfg = Debug|Any CPU
		{CC9DADF4-4BBE-4231-954A-01D507B58BB9}.Release|Any CPU.ActiveCfg = Release|Any CPU
		{CC9DADF4-4BBE-4231-954A-01D507B58BB9}.Release|Any CPU.Build.0 = Release|Any CPU
		{CC9DADF4-4BBE-4231-954A-01D507B58BB9}.Release|Mixed Platforms.ActiveCfg = Release|Any CPU
		{CC9DADF4-4BBE-4231-954A-01D507B58BB9}.Release|Mixed Platforms.Build.0 = Release|Any CPU
		{CC9DADF4-4BBE-4231-954A-01D507B58BB9}.Release|x86.ActiveCfg = Release|Any CPU
		{76EE216A-6D5B-491E-9CB9-ECCA0A6868A3}.Debug|Any CPU.ActiveCfg = Debug|Any CPU
		{76EE216A-6D5B-491E-9CB9-ECCA0A6868A3}.Debug|Any CPU.Build.0 = Debug|Any CPU
		{76EE216A-6D5B-491E-9CB9-ECCA0A6868A3}.Debug|Mixed Platforms.ActiveCfg = Debug|Any CPU
		{76EE216A-6D5B-491E-9CB9-ECCA0A6868A3}.Debug|Mixed Platforms.Build.0 = Debug|Any CPU
		{76EE216A-6D5B-491E-9CB9-ECCA0A6868A3}.Debug|x86.ActiveCfg = Debug|Any CPU
		{76EE216A-6D5B-491E-9CB9-ECCA0A6868A3}.Release|Any CPU.ActiveCfg = Release|Any CPU
		{76EE216A-6D5B-491E-9CB9-ECCA0A6868A3}.Release|Any CPU.Build.0 = Release|Any CPU
		{76EE216A-6D5B-491E-9CB9-ECCA0A6868A3}.Release|Mixed Platforms.ActiveCfg = Release|Any CPU
		{76EE216A-6D5B-491E-9CB9-ECCA0A6868A3}.Release|Mixed Platforms.Build.0 = Release|Any CPU
		{76EE216A-6D5B-491E-9CB9-ECCA0A6868A3}.Release|x86.ActiveCfg = Release|Any CPU
		{ECA85B80-1D9E-4655-B766-3E4271F219F5}.Debug|Any CPU.ActiveCfg = Debug|Any CPU
		{ECA85B80-1D9E-4655-B766-3E4271F219F5}.Debug|Any CPU.Build.0 = Debug|Any CPU
		{ECA85B80-1D9E-4655-B766-3E4271F219F5}.Debug|Mixed Platforms.ActiveCfg = Debug|Any CPU
		{ECA85B80-1D9E-4655-B766-3E4271F219F5}.Debug|Mixed Platforms.Build.0 = Debug|Any CPU
		{ECA85B80-1D9E-4655-B766-3E4271F219F5}.Debug|x86.ActiveCfg = Debug|Any CPU
		{ECA85B80-1D9E-4655-B766-3E4271F219F5}.Release|Any CPU.ActiveCfg = Release|Any CPU
		{ECA85B80-1D9E-4655-B766-3E4271F219F5}.Release|Any CPU.Build.0 = Release|Any CPU
		{ECA85B80-1D9E-4655-B766-3E4271F219F5}.Release|Mixed Platforms.ActiveCfg = Release|Any CPU
		{ECA85B80-1D9E-4655-B766-3E4271F219F5}.Release|Mixed Platforms.Build.0 = Release|Any CPU
		{ECA85B80-1D9E-4655-B766-3E4271F219F5}.Release|x86.ActiveCfg = Release|Any CPU
		{A673EE5B-4088-4592-8973-96596D65F938}.Debug|Any CPU.ActiveCfg = Debug|Any CPU
		{A673EE5B-4088-4592-8973-96596D65F938}.Debug|Any CPU.Build.0 = Debug|Any CPU
		{A673EE5B-4088-4592-8973-96596D65F938}.Debug|Mixed Platforms.ActiveCfg = Debug|Any CPU
		{A673EE5B-4088-4592-8973-96596D65F938}.Debug|Mixed Platforms.Build.0 = Debug|Any CPU
		{A673EE5B-4088-4592-8973-96596D65F938}.Debug|x86.ActiveCfg = Debug|Any CPU
		{A673EE5B-4088-4592-8973-96596D65F938}.Release|Any CPU.ActiveCfg = Release|Any CPU
		{A673EE5B-4088-4592-8973-96596D65F938}.Release|Any CPU.Build.0 = Release|Any CPU
		{A673EE5B-4088-4592-8973-96596D65F938}.Release|Mixed Platforms.ActiveCfg = Release|Any CPU
		{A673EE5B-4088-4592-8973-96596D65F938}.Release|Mixed Platforms.Build.0 = Release|Any CPU
		{A673EE5B-4088-4592-8973-96596D65F938}.Release|x86.ActiveCfg = Release|Any CPU
		{C81C7BCE-91A4-43F0-BDA7-636E3297319B}.Debug|Any CPU.ActiveCfg = Debug|Any CPU
		{C81C7BCE-91A4-43F0-BDA7-636E3297319B}.Debug|Any CPU.Build.0 = Debug|Any CPU
		{C81C7BCE-91A4-43F0-BDA7-636E3297319B}.Debug|Mixed Platforms.ActiveCfg = Debug|Any CPU
		{C81C7BCE-91A4-43F0-BDA7-636E3297319B}.Debug|Mixed Platforms.Build.0 = Debug|Any CPU
		{C81C7BCE-91A4-43F0-BDA7-636E3297319B}.Debug|x86.ActiveCfg = Debug|Any CPU
		{C81C7BCE-91A4-43F0-BDA7-636E3297319B}.Release|Any CPU.ActiveCfg = Release|Any CPU
		{C81C7BCE-91A4-43F0-BDA7-636E3297319B}.Release|Any CPU.Build.0 = Release|Any CPU
		{C81C7BCE-91A4-43F0-BDA7-636E3297319B}.Release|Mixed Platforms.ActiveCfg = Release|Any CPU
		{C81C7BCE-91A4-43F0-BDA7-636E3297319B}.Release|Mixed Platforms.Build.0 = Release|Any CPU
		{C81C7BCE-91A4-43F0-BDA7-636E3297319B}.Release|x86.ActiveCfg = Release|Any CPU
		{A809DBD4-F23A-4278-BBF6-00BE6E3511AC}.Debug|Any CPU.ActiveCfg = Debug|Any CPU
		{A809DBD4-F23A-4278-BBF6-00BE6E3511AC}.Debug|Any CPU.Build.0 = Debug|Any CPU
		{A809DBD4-F23A-4278-BBF6-00BE6E3511AC}.Debug|Mixed Platforms.ActiveCfg = Debug|Any CPU
		{A809DBD4-F23A-4278-BBF6-00BE6E3511AC}.Debug|Mixed Platforms.Build.0 = Debug|Any CPU
		{A809DBD4-F23A-4278-BBF6-00BE6E3511AC}.Debug|x86.ActiveCfg = Debug|Any CPU
		{A809DBD4-F23A-4278-BBF6-00BE6E3511AC}.Release|Any CPU.ActiveCfg = Release|Any CPU
		{A809DBD4-F23A-4278-BBF6-00BE6E3511AC}.Release|Any CPU.Build.0 = Release|Any CPU
		{A809DBD4-F23A-4278-BBF6-00BE6E3511AC}.Release|Mixed Platforms.ActiveCfg = Release|Any CPU
		{A809DBD4-F23A-4278-BBF6-00BE6E3511AC}.Release|Mixed Platforms.Build.0 = Release|Any CPU
		{A809DBD4-F23A-4278-BBF6-00BE6E3511AC}.Release|x86.ActiveCfg = Release|Any CPU
		{D18E920E-40C9-4763-A264-B3A65CC9E8CA}.Debug|Any CPU.ActiveCfg = Debug|Any CPU
		{D18E920E-40C9-4763-A264-B3A65CC9E8CA}.Debug|Any CPU.Build.0 = Debug|Any CPU
		{D18E920E-40C9-4763-A264-B3A65CC9E8CA}.Debug|Mixed Platforms.ActiveCfg = Debug|Any CPU
		{D18E920E-40C9-4763-A264-B3A65CC9E8CA}.Debug|Mixed Platforms.Build.0 = Debug|Any CPU
		{D18E920E-40C9-4763-A264-B3A65CC9E8CA}.Debug|x86.ActiveCfg = Debug|Any CPU
		{D18E920E-40C9-4763-A264-B3A65CC9E8CA}.Release|Any CPU.ActiveCfg = Release|Any CPU
		{D18E920E-40C9-4763-A264-B3A65CC9E8CA}.Release|Any CPU.Build.0 = Release|Any CPU
		{D18E920E-40C9-4763-A264-B3A65CC9E8CA}.Release|Mixed Platforms.ActiveCfg = Release|Any CPU
		{D18E920E-40C9-4763-A264-B3A65CC9E8CA}.Release|Mixed Platforms.Build.0 = Release|Any CPU
		{D18E920E-40C9-4763-A264-B3A65CC9E8CA}.Release|x86.ActiveCfg = Release|Any CPU
		{EE6C8158-6390-4A6D-879B-73EB6FD0B8FD}.Debug|Any CPU.ActiveCfg = Debug|Any CPU
		{EE6C8158-6390-4A6D-879B-73EB6FD0B8FD}.Debug|Any CPU.Build.0 = Debug|Any CPU
		{EE6C8158-6390-4A6D-879B-73EB6FD0B8FD}.Debug|Mixed Platforms.ActiveCfg = Debug|Any CPU
		{EE6C8158-6390-4A6D-879B-73EB6FD0B8FD}.Debug|Mixed Platforms.Build.0 = Debug|Any CPU
		{EE6C8158-6390-4A6D-879B-73EB6FD0B8FD}.Debug|x86.ActiveCfg = Debug|Any CPU
		{EE6C8158-6390-4A6D-879B-73EB6FD0B8FD}.Release|Any CPU.ActiveCfg = Release|Any CPU
		{EE6C8158-6390-4A6D-879B-73EB6FD0B8FD}.Release|Any CPU.Build.0 = Release|Any CPU
		{EE6C8158-6390-4A6D-879B-73EB6FD0B8FD}.Release|Mixed Platforms.ActiveCfg = Release|Any CPU
		{EE6C8158-6390-4A6D-879B-73EB6FD0B8FD}.Release|Mixed Platforms.Build.0 = Release|Any CPU
		{EE6C8158-6390-4A6D-879B-73EB6FD0B8FD}.Release|x86.ActiveCfg = Release|Any CPU
		{CD046C9D-F6CF-4ADE-BFDB-F415714E33F6}.Debug|Any CPU.ActiveCfg = Debug|Any CPU
		{CD046C9D-F6CF-4ADE-BFDB-F415714E33F6}.Debug|Any CPU.Build.0 = Debug|Any CPU
		{CD046C9D-F6CF-4ADE-BFDB-F415714E33F6}.Debug|Mixed Platforms.ActiveCfg = Debug|Any CPU
		{CD046C9D-F6CF-4ADE-BFDB-F415714E33F6}.Debug|Mixed Platforms.Build.0 = Debug|Any CPU
		{CD046C9D-F6CF-4ADE-BFDB-F415714E33F6}.Debug|x86.ActiveCfg = Debug|Any CPU
		{CD046C9D-F6CF-4ADE-BFDB-F415714E33F6}.Release|Any CPU.ActiveCfg = Release|Any CPU
		{CD046C9D-F6CF-4ADE-BFDB-F415714E33F6}.Release|Any CPU.Build.0 = Release|Any CPU
		{CD046C9D-F6CF-4ADE-BFDB-F415714E33F6}.Release|Mixed Platforms.ActiveCfg = Release|Any CPU
		{CD046C9D-F6CF-4ADE-BFDB-F415714E33F6}.Release|Mixed Platforms.Build.0 = Release|Any CPU
		{CD046C9D-F6CF-4ADE-BFDB-F415714E33F6}.Release|x86.ActiveCfg = Release|Any CPU
		{1335AF05-8990-4316-BC0F-10CF93DF1E90}.Debug|Any CPU.ActiveCfg = Debug|x86
		{1335AF05-8990-4316-BC0F-10CF93DF1E90}.Debug|Mixed Platforms.ActiveCfg = Debug|x86
		{1335AF05-8990-4316-BC0F-10CF93DF1E90}.Debug|Mixed Platforms.Build.0 = Debug|x86
		{1335AF05-8990-4316-BC0F-10CF93DF1E90}.Debug|x86.ActiveCfg = Debug|x86
		{1335AF05-8990-4316-BC0F-10CF93DF1E90}.Debug|x86.Build.0 = Debug|x86
		{1335AF05-8990-4316-BC0F-10CF93DF1E90}.Release|Any CPU.ActiveCfg = Release|x86
		{1335AF05-8990-4316-BC0F-10CF93DF1E90}.Release|Mixed Platforms.ActiveCfg = Release|x86
		{1335AF05-8990-4316-BC0F-10CF93DF1E90}.Release|Mixed Platforms.Build.0 = Release|x86
		{1335AF05-8990-4316-BC0F-10CF93DF1E90}.Release|x86.ActiveCfg = Release|x86
		{1335AF05-8990-4316-BC0F-10CF93DF1E90}.Release|x86.Build.0 = Release|x86
		{955BE1EC-F265-41A5-B73B-BE8D6A44CACE}.Debug|Any CPU.ActiveCfg = Debug|Any CPU
		{955BE1EC-F265-41A5-B73B-BE8D6A44CACE}.Debug|Any CPU.Build.0 = Debug|Any CPU
		{955BE1EC-F265-41A5-B73B-BE8D6A44CACE}.Debug|Mixed Platforms.ActiveCfg = Debug|Any CPU
		{955BE1EC-F265-41A5-B73B-BE8D6A44CACE}.Debug|Mixed Platforms.Build.0 = Debug|Any CPU
		{955BE1EC-F265-41A5-B73B-BE8D6A44CACE}.Debug|x86.ActiveCfg = Debug|Any CPU
		{955BE1EC-F265-41A5-B73B-BE8D6A44CACE}.Release|Any CPU.ActiveCfg = Release|Any CPU
		{955BE1EC-F265-41A5-B73B-BE8D6A44CACE}.Release|Any CPU.Build.0 = Release|Any CPU
		{955BE1EC-F265-41A5-B73B-BE8D6A44CACE}.Release|Mixed Platforms.ActiveCfg = Release|Any CPU
		{955BE1EC-F265-41A5-B73B-BE8D6A44CACE}.Release|Mixed Platforms.Build.0 = Release|Any CPU
		{955BE1EC-F265-41A5-B73B-BE8D6A44CACE}.Release|x86.ActiveCfg = Release|Any CPU
		{E551180F-3F0D-404B-9645-B275CEA3B707}.Debug|Any CPU.ActiveCfg = Debug|Any CPU
		{E551180F-3F0D-404B-9645-B275CEA3B707}.Debug|Any CPU.Build.0 = Debug|Any CPU
		{E551180F-3F0D-404B-9645-B275CEA3B707}.Debug|Mixed Platforms.ActiveCfg = Debug|Any CPU
		{E551180F-3F0D-404B-9645-B275CEA3B707}.Debug|Mixed Platforms.Build.0 = Debug|Any CPU
		{E551180F-3F0D-404B-9645-B275CEA3B707}.Debug|x86.ActiveCfg = Debug|Any CPU
		{E551180F-3F0D-404B-9645-B275CEA3B707}.Release|Any CPU.ActiveCfg = Release|Any CPU
		{E551180F-3F0D-404B-9645-B275CEA3B707}.Release|Any CPU.Build.0 = Release|Any CPU
		{E551180F-3F0D-404B-9645-B275CEA3B707}.Release|Mixed Platforms.ActiveCfg = Release|Any CPU
		{E551180F-3F0D-404B-9645-B275CEA3B707}.Release|Mixed Platforms.Build.0 = Release|Any CPU
		{E551180F-3F0D-404B-9645-B275CEA3B707}.Release|x86.ActiveCfg = Release|Any CPU
		{258BB370-221A-4010-B8F2-CC24C757AA41}.Debug|Any CPU.ActiveCfg = Debug|Any CPU
		{258BB370-221A-4010-B8F2-CC24C757AA41}.Debug|Any CPU.Build.0 = Debug|Any CPU
		{258BB370-221A-4010-B8F2-CC24C757AA41}.Debug|Mixed Platforms.ActiveCfg = Debug|Any CPU
		{258BB370-221A-4010-B8F2-CC24C757AA41}.Debug|Mixed Platforms.Build.0 = Debug|Any CPU
		{258BB370-221A-4010-B8F2-CC24C757AA41}.Debug|x86.ActiveCfg = Debug|Any CPU
		{258BB370-221A-4010-B8F2-CC24C757AA41}.Release|Any CPU.ActiveCfg = Release|Any CPU
		{258BB370-221A-4010-B8F2-CC24C757AA41}.Release|Any CPU.Build.0 = Release|Any CPU
		{258BB370-221A-4010-B8F2-CC24C757AA41}.Release|Mixed Platforms.ActiveCfg = Release|Any CPU
		{258BB370-221A-4010-B8F2-CC24C757AA41}.Release|Mixed Platforms.Build.0 = Release|Any CPU
		{258BB370-221A-4010-B8F2-CC24C757AA41}.Release|x86.ActiveCfg = Release|Any CPU
		{13934D76-5931-4274-B9CD-7172DB703A8C}.Debug|Any CPU.ActiveCfg = Debug|Any CPU
		{13934D76-5931-4274-B9CD-7172DB703A8C}.Debug|Any CPU.Build.0 = Debug|Any CPU
		{13934D76-5931-4274-B9CD-7172DB703A8C}.Debug|Mixed Platforms.ActiveCfg = Debug|Any CPU
		{13934D76-5931-4274-B9CD-7172DB703A8C}.Debug|Mixed Platforms.Build.0 = Debug|Any CPU
		{13934D76-5931-4274-B9CD-7172DB703A8C}.Debug|x86.ActiveCfg = Debug|Any CPU
		{13934D76-5931-4274-B9CD-7172DB703A8C}.Release|Any CPU.ActiveCfg = Release|Any CPU
		{13934D76-5931-4274-B9CD-7172DB703A8C}.Release|Any CPU.Build.0 = Release|Any CPU
		{13934D76-5931-4274-B9CD-7172DB703A8C}.Release|Mixed Platforms.ActiveCfg = Release|Any CPU
		{13934D76-5931-4274-B9CD-7172DB703A8C}.Release|Mixed Platforms.Build.0 = Release|Any CPU
		{13934D76-5931-4274-B9CD-7172DB703A8C}.Release|x86.ActiveCfg = Release|Any CPU
		{2768D30D-FC34-4004-9C0A-CD1592C52000}.Debug|Any CPU.ActiveCfg = Debug|Any CPU
		{2768D30D-FC34-4004-9C0A-CD1592C52000}.Debug|Any CPU.Build.0 = Debug|Any CPU
		{2768D30D-FC34-4004-9C0A-CD1592C52000}.Debug|Mixed Platforms.ActiveCfg = Debug|Any CPU
		{2768D30D-FC34-4004-9C0A-CD1592C52000}.Debug|Mixed Platforms.Build.0 = Debug|Any CPU
		{2768D30D-FC34-4004-9C0A-CD1592C52000}.Debug|x86.ActiveCfg = Debug|Any CPU
		{2768D30D-FC34-4004-9C0A-CD1592C52000}.Release|Any CPU.ActiveCfg = Release|Any CPU
		{2768D30D-FC34-4004-9C0A-CD1592C52000}.Release|Any CPU.Build.0 = Release|Any CPU
		{2768D30D-FC34-4004-9C0A-CD1592C52000}.Release|Mixed Platforms.ActiveCfg = Release|Any CPU
		{2768D30D-FC34-4004-9C0A-CD1592C52000}.Release|Mixed Platforms.Build.0 = Release|Any CPU
		{2768D30D-FC34-4004-9C0A-CD1592C52000}.Release|x86.ActiveCfg = Release|Any CPU
		{A125B625-30C7-4895-B1AB-7D892296AB47}.Debug|Any CPU.ActiveCfg = Debug|Any CPU
		{A125B625-30C7-4895-B1AB-7D892296AB47}.Debug|Any CPU.Build.0 = Debug|Any CPU
		{A125B625-30C7-4895-B1AB-7D892296AB47}.Debug|Mixed Platforms.ActiveCfg = Debug|Any CPU
		{A125B625-30C7-4895-B1AB-7D892296AB47}.Debug|Mixed Platforms.Build.0 = Debug|Any CPU
		{A125B625-30C7-4895-B1AB-7D892296AB47}.Debug|x86.ActiveCfg = Debug|Any CPU
		{A125B625-30C7-4895-B1AB-7D892296AB47}.Release|Any CPU.ActiveCfg = Release|Any CPU
		{A125B625-30C7-4895-B1AB-7D892296AB47}.Release|Any CPU.Build.0 = Release|Any CPU
		{A125B625-30C7-4895-B1AB-7D892296AB47}.Release|Mixed Platforms.ActiveCfg = Release|Any CPU
		{A125B625-30C7-4895-B1AB-7D892296AB47}.Release|Mixed Platforms.Build.0 = Release|Any CPU
		{A125B625-30C7-4895-B1AB-7D892296AB47}.Release|x86.ActiveCfg = Release|Any CPU
		{8C82274D-C7D4-4455-A257-B66AA330D573}.Debug|Any CPU.ActiveCfg = Debug|Any CPU
		{8C82274D-C7D4-4455-A257-B66AA330D573}.Debug|Any CPU.Build.0 = Debug|Any CPU
		{8C82274D-C7D4-4455-A257-B66AA330D573}.Debug|Mixed Platforms.ActiveCfg = Debug|Any CPU
		{8C82274D-C7D4-4455-A257-B66AA330D573}.Debug|Mixed Platforms.Build.0 = Debug|Any CPU
		{8C82274D-C7D4-4455-A257-B66AA330D573}.Debug|x86.ActiveCfg = Debug|Any CPU
		{8C82274D-C7D4-4455-A257-B66AA330D573}.Release|Any CPU.ActiveCfg = Release|Any CPU
		{8C82274D-C7D4-4455-A257-B66AA330D573}.Release|Any CPU.Build.0 = Release|Any CPU
		{8C82274D-C7D4-4455-A257-B66AA330D573}.Release|Mixed Platforms.ActiveCfg = Release|Any CPU
		{8C82274D-C7D4-4455-A257-B66AA330D573}.Release|Mixed Platforms.Build.0 = Release|Any CPU
		{8C82274D-C7D4-4455-A257-B66AA330D573}.Release|x86.ActiveCfg = Release|Any CPU
		{E5A9D98C-7719-4B55-8D66-80F7AFD7A3CD}.Debug|Any CPU.ActiveCfg = Debug|x86
		{E5A9D98C-7719-4B55-8D66-80F7AFD7A3CD}.Debug|Mixed Platforms.ActiveCfg = Debug|x86
		{E5A9D98C-7719-4B55-8D66-80F7AFD7A3CD}.Debug|Mixed Platforms.Build.0 = Debug|x86
		{E5A9D98C-7719-4B55-8D66-80F7AFD7A3CD}.Debug|x86.ActiveCfg = Debug|x86
		{E5A9D98C-7719-4B55-8D66-80F7AFD7A3CD}.Debug|x86.Build.0 = Debug|x86
		{E5A9D98C-7719-4B55-8D66-80F7AFD7A3CD}.Release|Any CPU.ActiveCfg = Release|x86
		{E5A9D98C-7719-4B55-8D66-80F7AFD7A3CD}.Release|Mixed Platforms.ActiveCfg = Release|x86
		{E5A9D98C-7719-4B55-8D66-80F7AFD7A3CD}.Release|Mixed Platforms.Build.0 = Release|x86
		{E5A9D98C-7719-4B55-8D66-80F7AFD7A3CD}.Release|x86.ActiveCfg = Release|x86
		{E5A9D98C-7719-4B55-8D66-80F7AFD7A3CD}.Release|x86.Build.0 = Release|x86
		{35F048E2-6ABE-4721-97D3-42AB0A19CC19}.Debug|Any CPU.ActiveCfg = Debug|Any CPU
		{35F048E2-6ABE-4721-97D3-42AB0A19CC19}.Debug|Any CPU.Build.0 = Debug|Any CPU
		{35F048E2-6ABE-4721-97D3-42AB0A19CC19}.Debug|Mixed Platforms.ActiveCfg = Debug|Any CPU
		{35F048E2-6ABE-4721-97D3-42AB0A19CC19}.Debug|Mixed Platforms.Build.0 = Debug|Any CPU
		{35F048E2-6ABE-4721-97D3-42AB0A19CC19}.Debug|x86.ActiveCfg = Debug|Any CPU
		{35F048E2-6ABE-4721-97D3-42AB0A19CC19}.Release|Any CPU.ActiveCfg = Release|Any CPU
		{35F048E2-6ABE-4721-97D3-42AB0A19CC19}.Release|Any CPU.Build.0 = Release|Any CPU
		{35F048E2-6ABE-4721-97D3-42AB0A19CC19}.Release|Mixed Platforms.ActiveCfg = Release|Any CPU
		{35F048E2-6ABE-4721-97D3-42AB0A19CC19}.Release|Mixed Platforms.Build.0 = Release|Any CPU
		{35F048E2-6ABE-4721-97D3-42AB0A19CC19}.Release|x86.ActiveCfg = Release|Any CPU
		{27262828-1544-41F9-A197-FEAFA9FD7BF6}.Debug|Any CPU.ActiveCfg = Debug|Any CPU
		{27262828-1544-41F9-A197-FEAFA9FD7BF6}.Debug|Any CPU.Build.0 = Debug|Any CPU
		{27262828-1544-41F9-A197-FEAFA9FD7BF6}.Debug|Mixed Platforms.ActiveCfg = Debug|Any CPU
		{27262828-1544-41F9-A197-FEAFA9FD7BF6}.Debug|Mixed Platforms.Build.0 = Debug|Any CPU
		{27262828-1544-41F9-A197-FEAFA9FD7BF6}.Debug|x86.ActiveCfg = Debug|Any CPU
		{27262828-1544-41F9-A197-FEAFA9FD7BF6}.Release|Any CPU.ActiveCfg = Release|Any CPU
		{27262828-1544-41F9-A197-FEAFA9FD7BF6}.Release|Any CPU.Build.0 = Release|Any CPU
		{27262828-1544-41F9-A197-FEAFA9FD7BF6}.Release|Mixed Platforms.ActiveCfg = Release|Any CPU
		{27262828-1544-41F9-A197-FEAFA9FD7BF6}.Release|Mixed Platforms.Build.0 = Release|Any CPU
		{27262828-1544-41F9-A197-FEAFA9FD7BF6}.Release|x86.ActiveCfg = Release|Any CPU
		{FCB4FB55-1AEF-41B1-AA4A-27001F81C8E1}.Debug|Any CPU.ActiveCfg = Debug|Any CPU
		{FCB4FB55-1AEF-41B1-AA4A-27001F81C8E1}.Debug|Any CPU.Build.0 = Debug|Any CPU
		{FCB4FB55-1AEF-41B1-AA4A-27001F81C8E1}.Debug|Mixed Platforms.ActiveCfg = Debug|Any CPU
		{FCB4FB55-1AEF-41B1-AA4A-27001F81C8E1}.Debug|Mixed Platforms.Build.0 = Debug|Any CPU
		{FCB4FB55-1AEF-41B1-AA4A-27001F81C8E1}.Debug|x86.ActiveCfg = Debug|Any CPU
		{FCB4FB55-1AEF-41B1-AA4A-27001F81C8E1}.Debug|x86.Build.0 = Debug|Any CPU
		{FCB4FB55-1AEF-41B1-AA4A-27001F81C8E1}.Release|Any CPU.ActiveCfg = Release|Any CPU
		{FCB4FB55-1AEF-41B1-AA4A-27001F81C8E1}.Release|Any CPU.Build.0 = Release|Any CPU
		{FCB4FB55-1AEF-41B1-AA4A-27001F81C8E1}.Release|Mixed Platforms.ActiveCfg = Release|Any CPU
		{FCB4FB55-1AEF-41B1-AA4A-27001F81C8E1}.Release|Mixed Platforms.Build.0 = Release|Any CPU
		{FCB4FB55-1AEF-41B1-AA4A-27001F81C8E1}.Release|x86.ActiveCfg = Release|Any CPU
		{FCB4FB55-1AEF-41B1-AA4A-27001F81C8E1}.Release|x86.Build.0 = Release|Any CPU
		{3E4A75D5-DA8C-49A7-8338-5D3428B72F1A}.Debug|Any CPU.ActiveCfg = Debug|Any CPU
		{3E4A75D5-DA8C-49A7-8338-5D3428B72F1A}.Debug|Any CPU.Build.0 = Debug|Any CPU
		{3E4A75D5-DA8C-49A7-8338-5D3428B72F1A}.Debug|Mixed Platforms.ActiveCfg = Debug|Any CPU
		{3E4A75D5-DA8C-49A7-8338-5D3428B72F1A}.Debug|Mixed Platforms.Build.0 = Debug|Any CPU
		{3E4A75D5-DA8C-49A7-8338-5D3428B72F1A}.Debug|x86.ActiveCfg = Debug|Any CPU
		{3E4A75D5-DA8C-49A7-8338-5D3428B72F1A}.Debug|x86.Build.0 = Debug|Any CPU
		{3E4A75D5-DA8C-49A7-8338-5D3428B72F1A}.Release|Any CPU.ActiveCfg = Release|Any CPU
		{3E4A75D5-DA8C-49A7-8338-5D3428B72F1A}.Release|Any CPU.Build.0 = Release|Any CPU
		{3E4A75D5-DA8C-49A7-8338-5D3428B72F1A}.Release|Mixed Platforms.ActiveCfg = Release|Any CPU
		{3E4A75D5-DA8C-49A7-8338-5D3428B72F1A}.Release|Mixed Platforms.Build.0 = Release|Any CPU
		{3E4A75D5-DA8C-49A7-8338-5D3428B72F1A}.Release|x86.ActiveCfg = Release|Any CPU
		{3E4A75D5-DA8C-49A7-8338-5D3428B72F1A}.Release|x86.Build.0 = Release|Any CPU
		{EFC3A509-A226-4EF8-A5EB-3828EFE532E7}.Debug|Any CPU.ActiveCfg = Debug|Any CPU
		{EFC3A509-A226-4EF8-A5EB-3828EFE532E7}.Debug|Any CPU.Build.0 = Debug|Any CPU
		{EFC3A509-A226-4EF8-A5EB-3828EFE532E7}.Debug|Mixed Platforms.ActiveCfg = Debug|Any CPU
		{EFC3A509-A226-4EF8-A5EB-3828EFE532E7}.Debug|Mixed Platforms.Build.0 = Debug|Any CPU
		{EFC3A509-A226-4EF8-A5EB-3828EFE532E7}.Debug|x86.ActiveCfg = Debug|Any CPU
		{EFC3A509-A226-4EF8-A5EB-3828EFE532E7}.Debug|x86.Build.0 = Debug|Any CPU
		{EFC3A509-A226-4EF8-A5EB-3828EFE532E7}.Release|Any CPU.ActiveCfg = Release|Any CPU
		{EFC3A509-A226-4EF8-A5EB-3828EFE532E7}.Release|Any CPU.Build.0 = Release|Any CPU
		{EFC3A509-A226-4EF8-A5EB-3828EFE532E7}.Release|Mixed Platforms.ActiveCfg = Release|Any CPU
		{EFC3A509-A226-4EF8-A5EB-3828EFE532E7}.Release|Mixed Platforms.Build.0 = Release|Any CPU
		{EFC3A509-A226-4EF8-A5EB-3828EFE532E7}.Release|x86.ActiveCfg = Release|Any CPU
		{EFC3A509-A226-4EF8-A5EB-3828EFE532E7}.Release|x86.Build.0 = Release|Any CPU
		{CB1464DA-4E50-474A-A16B-FC9324C5E56E}.Debug|Any CPU.ActiveCfg = Debug|Any CPU
		{CB1464DA-4E50-474A-A16B-FC9324C5E56E}.Debug|Any CPU.Build.0 = Debug|Any CPU
		{CB1464DA-4E50-474A-A16B-FC9324C5E56E}.Debug|Mixed Platforms.ActiveCfg = Debug|Any CPU
		{CB1464DA-4E50-474A-A16B-FC9324C5E56E}.Debug|Mixed Platforms.Build.0 = Debug|Any CPU
		{CB1464DA-4E50-474A-A16B-FC9324C5E56E}.Debug|x86.ActiveCfg = Debug|Any CPU
		{CB1464DA-4E50-474A-A16B-FC9324C5E56E}.Debug|x86.Build.0 = Debug|Any CPU
		{CB1464DA-4E50-474A-A16B-FC9324C5E56E}.Release|Any CPU.ActiveCfg = Release|Any CPU
		{CB1464DA-4E50-474A-A16B-FC9324C5E56E}.Release|Any CPU.Build.0 = Release|Any CPU
		{CB1464DA-4E50-474A-A16B-FC9324C5E56E}.Release|Mixed Platforms.ActiveCfg = Release|Any CPU
		{CB1464DA-4E50-474A-A16B-FC9324C5E56E}.Release|Mixed Platforms.Build.0 = Release|Any CPU
		{CB1464DA-4E50-474A-A16B-FC9324C5E56E}.Release|x86.ActiveCfg = Release|Any CPU
		{CB1464DA-4E50-474A-A16B-FC9324C5E56E}.Release|x86.Build.0 = Release|Any CPU
		{8177CB6E-C113-450A-A730-B3B199DF07BD}.Debug|Any CPU.ActiveCfg = Debug|Any CPU
		{8177CB6E-C113-450A-A730-B3B199DF07BD}.Debug|Any CPU.Build.0 = Debug|Any CPU
		{8177CB6E-C113-450A-A730-B3B199DF07BD}.Debug|Mixed Platforms.ActiveCfg = Debug|Any CPU
		{8177CB6E-C113-450A-A730-B3B199DF07BD}.Debug|Mixed Platforms.Build.0 = Debug|Any CPU
		{8177CB6E-C113-450A-A730-B3B199DF07BD}.Debug|x86.ActiveCfg = Debug|Any CPU
		{8177CB6E-C113-450A-A730-B3B199DF07BD}.Debug|x86.Build.0 = Debug|Any CPU
		{8177CB6E-C113-450A-A730-B3B199DF07BD}.Release|Any CPU.ActiveCfg = Release|Any CPU
		{8177CB6E-C113-450A-A730-B3B199DF07BD}.Release|Any CPU.Build.0 = Release|Any CPU
		{8177CB6E-C113-450A-A730-B3B199DF07BD}.Release|Mixed Platforms.ActiveCfg = Release|Any CPU
		{8177CB6E-C113-450A-A730-B3B199DF07BD}.Release|Mixed Platforms.Build.0 = Release|Any CPU
		{8177CB6E-C113-450A-A730-B3B199DF07BD}.Release|x86.ActiveCfg = Release|Any CPU
		{8177CB6E-C113-450A-A730-B3B199DF07BD}.Release|x86.Build.0 = Release|Any CPU
	EndGlobalSection
	GlobalSection(SolutionProperties) = preSolution
		HideSolutionNode = FALSE
	EndGlobalSection
	GlobalSection(NestedProjects) = preSolution
		{5B49A617-42C2-45E9-8ED0-79380379F816} = {6B5ADEAA-3DB1-4682-9CD8-1240C9FD3B3F}
		{71F7B8B4-1E4E-4CA9-88B3-2DA44E3E8333} = {25004770-33C4-4880-9D3A-0291E1B8E5E0}
		{C9CBA5E8-6CF6-417F-B1B2-47151C74D71E} = {6E4DABED-97E0-4908-9E7D-4E21967C1555}
		{4B02E503-7718-4C5E-93EF-54923BA5835E} = {12E98517-5B70-43C7-852D-1CA156D30550}
		{956ABCFE-4465-4C88-B530-9BDA4A45FD4A} = {83F5220B-55E7-46E9-836E-2FB64E3DBA3F}
		{44D606F7-C31E-4D2F-8AFF-D076D89FD114} = {83F5220B-55E7-46E9-836E-2FB64E3DBA3F}
		{B5545ADE-2C69-49D8-895C-CBEC0E46BDB1} = {8D6E8E9E-DB64-4D87-91D0-F17B6203937D}
		{5A4AE745-C9EB-447E-A458-6A25898349A3} = {42D7514D-98EE-4AB0-A512-D78168EBEDCD}
		{A640DE91-C86A-4256-A634-688EBECA62DA} = {42D7514D-98EE-4AB0-A512-D78168EBEDCD}
		{9F7A288D-286C-49F6-A61F-E6985BBD7E6A} = {142C9F53-2E5D-461B-82D2-B2172B2BFE66}
		{467011FC-64F2-4FB6-8F59-942248260FFB} = {11FEEA43-7C2F-4874-8B75-6135FF5D74E7}
		{69690B4F-B49B-490D-A6FF-C73000FE8303} = {8D6E8E9E-DB64-4D87-91D0-F17B6203937D}
		{C8EE907E-B8CC-49CF-A3CF-FA06C08F2042} = {6B5ADEAA-3DB1-4682-9CD8-1240C9FD3B3F}
		{C2650288-080D-4766-847E-C4238295C354} = {8D6E8E9E-DB64-4D87-91D0-F17B6203937D}
		{F0851CF0-EAF8-4C30-A6A2-3237B74CD2B4} = {83F5220B-55E7-46E9-836E-2FB64E3DBA3F}
		{F1AD5DCB-3CFD-4E3A-9130-69047E45F214} = {142C9F53-2E5D-461B-82D2-B2172B2BFE66}
		{A330DF6B-20F7-4FD0-BCA8-2FD5095395FF} = {25004770-33C4-4880-9D3A-0291E1B8E5E0}
		{0165D704-6A80-43ED-9001-5C14220D6EC2} = {271BFD6F-9FE4-4390-8734-6751ADF5E68B}
		{7326E79B-65A6-4E0D-B90D-E1F4D1F10DF3} = {271BFD6F-9FE4-4390-8734-6751ADF5E68B}
		{39A628BA-554E-46F9-BB20-A78CE7D75DED} = {8D6E8E9E-DB64-4D87-91D0-F17B6203937D}
		{62830F9D-8C58-4DEE-A51E-18B769CBACC6} = {271BFD6F-9FE4-4390-8734-6751ADF5E68B}
		{00DB35E7-ECC1-4EB4-85B6-79CB1FE3692E} = {8D6E8E9E-DB64-4D87-91D0-F17B6203937D}
		{2767823A-DCBB-46E6-B9A5-440DC0E2A087} = {8D6E8E9E-DB64-4D87-91D0-F17B6203937D}
		{72A08659-526B-49BE-A3ED-D032300AAC58} = {271BFD6F-9FE4-4390-8734-6751ADF5E68B}
		{439C02C2-CDE4-4335-805A-5A5517B9CF7A} = {25004770-33C4-4880-9D3A-0291E1B8E5E0}
		{295CF817-8A13-4B9E-B1E8-34464DFC9481} = {11FEEA43-7C2F-4874-8B75-6135FF5D74E7}
		{1755B6E8-FBB2-4C3E-B911-0001E9D3350D} = {8D6E8E9E-DB64-4D87-91D0-F17B6203937D}
		{9BDC5666-E541-4A30-8BDE-2B1C0D963311} = {8D6E8E9E-DB64-4D87-91D0-F17B6203937D}
		{B66A046F-2F0A-429F-9C51-63452D3F6A92} = {42D7514D-98EE-4AB0-A512-D78168EBEDCD}
		{BA67582A-5CA2-4B65-A282-342A339606EE} = {42D7514D-98EE-4AB0-A512-D78168EBEDCD}
		{B7EAA4CC-905C-4299-8443-F919D45B3220} = {8D6E8E9E-DB64-4D87-91D0-F17B6203937D}
		{5FA43479-C7D6-472B-8927-812C98BACE74} = {42D7514D-98EE-4AB0-A512-D78168EBEDCD}
		{B23152A0-D601-46E1-AD7B-044D101531BE} = {42D7514D-98EE-4AB0-A512-D78168EBEDCD}
		{F8DE5951-8FB7-413A-86E6-BA6C14CC0588} = {42D7514D-98EE-4AB0-A512-D78168EBEDCD}
		{7B8CA5C8-7413-4394-B7FB-9285D60C3A11} = {42D7514D-98EE-4AB0-A512-D78168EBEDCD}
		{BB4FFFFF-63A6-4C39-AF3C-E8908B166D72} = {42D7514D-98EE-4AB0-A512-D78168EBEDCD}
		{5FB96429-600C-435B-B24F-7A19C5B92216} = {42D7514D-98EE-4AB0-A512-D78168EBEDCD}
		{73EBE6B7-B56D-4B5D-B2D1-39E4195BBEA7} = {8D6E8E9E-DB64-4D87-91D0-F17B6203937D}
		{D0C39D9D-BED0-418B-9A5E-713176CAF40C} = {8D6E8E9E-DB64-4D87-91D0-F17B6203937D}
		{644FE7D4-0184-400F-B2D7-99CB41360658} = {8D6E8E9E-DB64-4D87-91D0-F17B6203937D}
		{0D75675E-48D7-4808-BACD-563E60518E30} = {83F5220B-55E7-46E9-836E-2FB64E3DBA3F}
		{DA619624-4D4E-40D0-9991-84319F24F73B} = {42D7514D-98EE-4AB0-A512-D78168EBEDCD}
		{393304CA-22DB-4006-9F95-59F6C83B4BB1} = {8D6E8E9E-DB64-4D87-91D0-F17B6203937D}
		{69347A84-8D74-4906-8140-D509EBAB7200} = {8D6E8E9E-DB64-4D87-91D0-F17B6203937D}
		{972B5082-AAEE-4C24-A956-9BBB0CE5D826} = {42D7514D-98EE-4AB0-A512-D78168EBEDCD}
		{DF8A1F26-7AEB-456E-AEF9-9EC5900E9C66} = {8D6E8E9E-DB64-4D87-91D0-F17B6203937D}
		{86E8A0DC-9F8E-4301-BAAF-2C8123FC3179} = {8D6E8E9E-DB64-4D87-91D0-F17B6203937D}
		{CC9DADF4-4BBE-4231-954A-01D507B58BB9} = {271BFD6F-9FE4-4390-8734-6751ADF5E68B}
		{76EE216A-6D5B-491E-9CB9-ECCA0A6868A3} = {8D6E8E9E-DB64-4D87-91D0-F17B6203937D}
		{ECA85B80-1D9E-4655-B766-3E4271F219F5} = {8D6E8E9E-DB64-4D87-91D0-F17B6203937D}
		{A673EE5B-4088-4592-8973-96596D65F938} = {96A43BF2-7B46-470F-B7D2-2DA975597FBC}
		{C81C7BCE-91A4-43F0-BDA7-636E3297319B} = {8D6E8E9E-DB64-4D87-91D0-F17B6203937D}
		{A809DBD4-F23A-4278-BBF6-00BE6E3511AC} = {42D7514D-98EE-4AB0-A512-D78168EBEDCD}
		{D18E920E-40C9-4763-A264-B3A65CC9E8CA} = {8D6E8E9E-DB64-4D87-91D0-F17B6203937D}
		{EE6C8158-6390-4A6D-879B-73EB6FD0B8FD} = {8D6E8E9E-DB64-4D87-91D0-F17B6203937D}
		{CD046C9D-F6CF-4ADE-BFDB-F415714E33F6} = {25004770-33C4-4880-9D3A-0291E1B8E5E0}
		{1335AF05-8990-4316-BC0F-10CF93DF1E90} = {25004770-33C4-4880-9D3A-0291E1B8E5E0}
		{955BE1EC-F265-41A5-B73B-BE8D6A44CACE} = {142C9F53-2E5D-461B-82D2-B2172B2BFE66}
		{E551180F-3F0D-404B-9645-B275CEA3B707} = {010B6870-928C-4D43-B0FD-ACED333E5BA9}
		{258BB370-221A-4010-B8F2-CC24C757AA41} = {42D7514D-98EE-4AB0-A512-D78168EBEDCD}
		{13934D76-5931-4274-B9CD-7172DB703A8C} = {42D7514D-98EE-4AB0-A512-D78168EBEDCD}
		{2768D30D-FC34-4004-9C0A-CD1592C52000} = {25004770-33C4-4880-9D3A-0291E1B8E5E0}
		{A125B625-30C7-4895-B1AB-7D892296AB47} = {25004770-33C4-4880-9D3A-0291E1B8E5E0}
		{8C82274D-C7D4-4455-A257-B66AA330D573} = {25004770-33C4-4880-9D3A-0291E1B8E5E0}
		{E5A9D98C-7719-4B55-8D66-80F7AFD7A3CD} = {271BFD6F-9FE4-4390-8734-6751ADF5E68B}
		{35F048E2-6ABE-4721-97D3-42AB0A19CC19} = {271BFD6F-9FE4-4390-8734-6751ADF5E68B}
		{27262828-1544-41F9-A197-FEAFA9FD7BF6} = {25004770-33C4-4880-9D3A-0291E1B8E5E0}
		{FCB4FB55-1AEF-41B1-AA4A-27001F81C8E1} = {42D7514D-98EE-4AB0-A512-D78168EBEDCD}
		{EFC3A509-A226-4EF8-A5EB-3828EFE532E7} = {25004770-33C4-4880-9D3A-0291E1B8E5E0}
		{CB1464DA-4E50-474A-A16B-FC9324C5E56E} = {42D7514D-98EE-4AB0-A512-D78168EBEDCD}
		{8177CB6E-C113-450A-A730-B3B199DF07BD} = {271BFD6F-9FE4-4390-8734-6751ADF5E68B}
	EndGlobalSection
	GlobalSection(ExtensibilityGlobals) = postSolution
		SolutionGuid = {9C64F820-D497-4F2A-B349-3A381BF3A190}
	EndGlobalSection
EndGlobal
